PODS:
  - SwiftFormat/CLI (0.47.12)
  - SwiftLint (0.43.0)

DEPENDENCIES:
  - SwiftFormat/CLI
  - SwiftLint

SPEC REPOS:
  trunk:
    - SwiftFormat
    - SwiftLint

SPEC CHECKSUMS:
  SwiftFormat: 68cac6de69aafb44b60ae49a919600966b0dcabe
  SwiftLint: 0c645fdc6feed3e390c1701ab3cc669f88b42752

PODFILE CHECKSUM: e4eed5012ddff66aa05a583ba962a39b53c2b8f7

COCOAPODS: 1.10.1
