// !$*UTF8*$!
{
	archiveVersion = 1;
	classes = {
	};
	objectVersion = 50;
	objects = {

/* Begin PBXBuildFile section */
		ED05442E264E3DA3004B4012 /* GenreCoreDataService.swift in Sources */ = {isa = PBXBuildFile; fileRef = ED05442D264E3DA3004B4012 /* GenreCoreDataService.swift */; };
		ED054432264E4063004B4012 /* GenreDatabaseProtocol.swift in Sources */ = {isa = PBXBuildFile; fileRef = ED054431264E4063004B4012 /* GenreDatabaseProtocol.swift */; };
		ED054437264E4338004B4012 /* NetworkMonitor.swift in Sources */ = {isa = PBXBuildFile; fileRef = ED054436264E4338004B4012 /* NetworkMonitor.swift */; };
		ED05443B264E4865004B4012 /* LibraryDatabaseServiceProtocol.swift in Sources */ = {isa = PBXBuildFile; fileRef = ED05443A264E4865004B4012 /* LibraryDatabaseServiceProtocol.swift */; };
		ED0679EB264E8159009FA0B0 /* DetailsHeaderImageViewCell.swift in Sources */ = {isa = PBXBuildFile; fileRef = ED0679EA264E8159009FA0B0 /* DetailsHeaderImageViewCell.swift */; };
		ED08A6ED264D8E150024F718 /* ImageFileService.swift in Sources */ = {isa = PBXBuildFile; fileRef = ED08A6EC264D8E150024F718 /* ImageFileService.swift */; };
		ED08A6F6264D9D6D0024F718 /* String+Trimmer.swift in Sources */ = {isa = PBXBuildFile; fileRef = ED08A6F5264D9D6D0024F718 /* String+Trimmer.swift */; };
		ED08A6FA264D9FAC0024F718 /* ImageNetworkService.swift in Sources */ = {isa = PBXBuildFile; fileRef = ED08A6F9264D9FAC0024F718 /* ImageNetworkService.swift */; };
		ED08A700264DA51A0024F718 /* LibaryProxyService.swift in Sources */ = {isa = PBXBuildFile; fileRef = ED08A6FF264DA51A0024F718 /* LibaryProxyService.swift */; };
		ED08A704264DAAC30024F718 /* CoreData.swift in Sources */ = {isa = PBXBuildFile; fileRef = ED08A703264DAAC30024F718 /* CoreData.swift */; };
		ED08A707264DB03A0024F718 /* DispatchQueue+SafeMain.swift in Sources */ = {isa = PBXBuildFile; fileRef = ED08A706264DB03A0024F718 /* DispatchQueue+SafeMain.swift */; };
		ED14860F264CFED2006EA303 /* ServiceFactory.swift in Sources */ = {isa = PBXBuildFile; fileRef = ED14860E264CFED2006EA303 /* ServiceFactory.swift */; };
		ED148615264CFFC0006EA303 /* GenreNetworkService.swift in Sources */ = {isa = PBXBuildFile; fileRef = ED148614264CFFC0006EA303 /* GenreNetworkService.swift */; };
		ED18B05E264CEC7600B1D8FA /* CategoryView.swift in Sources */ = {isa = PBXBuildFile; fileRef = ED18B05D264CEC7600B1D8FA /* CategoryView.swift */; };
		ED18B062264CF55400B1D8FA /* String+DateFormatter.swift in Sources */ = {isa = PBXBuildFile; fileRef = ED18B061264CF55400B1D8FA /* String+DateFormatter.swift */; };
		ED1AF44825F3829F00811562 /* LibraryMovieView.swift in Sources */ = {isa = PBXBuildFile; fileRef = ED1AF44725F3829F00811562 /* LibraryMovieView.swift */; };
		ED1AF44C25F38F2D00811562 /* UICollectionReusableView+Identifiable.swift in Sources */ = {isa = PBXBuildFile; fileRef = ED1AF44B25F38F2D00811562 /* UICollectionReusableView+Identifiable.swift */; };
		ED1EC2FA264DB34C0044BD7A /* Movies.xcdatamodeld in Sources */ = {isa = PBXBuildFile; fileRef = ED1EC2F8264DB34C0044BD7A /* Movies.xcdatamodeld */; };
		ED1EC30C264DB6A20044BD7A /* CDGenre+CoreDataClass.swift in Sources */ = {isa = PBXBuildFile; fileRef = ED1EC308264DB6A20044BD7A /* CDGenre+CoreDataClass.swift */; };
		ED1EC30D264DB6A20044BD7A /* CDGenre+CoreDataProperties.swift in Sources */ = {isa = PBXBuildFile; fileRef = ED1EC309264DB6A20044BD7A /* CDGenre+CoreDataProperties.swift */; };
		ED1EC30E264DB6A20044BD7A /* CDMovie+CoreDataClass.swift in Sources */ = {isa = PBXBuildFile; fileRef = ED1EC30A264DB6A20044BD7A /* CDMovie+CoreDataClass.swift */; };
		ED1EC30F264DB6A20044BD7A /* CDMovie+CoreDataProperties.swift in Sources */ = {isa = PBXBuildFile; fileRef = ED1EC30B264DB6A20044BD7A /* CDMovie+CoreDataProperties.swift */; };
		ED1EC31B264DBAB90044BD7A /* Integer.swift in Sources */ = {isa = PBXBuildFile; fileRef = ED1EC31A264DBAB90044BD7A /* Integer.swift */; };
		ED1EC31F264DBDA70044BD7A /* LibraryCoreDataService.swift in Sources */ = {isa = PBXBuildFile; fileRef = ED1EC31E264DBDA70044BD7A /* LibraryCoreDataService.swift */; };
		ED34792B25F3EAF600F46AE8 /* SegmentedControl.swift in Sources */ = {isa = PBXBuildFile; fileRef = ED34792A25F3EAF600F46AE8 /* SegmentedControl.swift */; };
		ED36CFF0271859FC0001A190 /* UIDevice+Notch.swift in Sources */ = {isa = PBXBuildFile; fileRef = ED36CFEF271859FC0001A190 /* UIDevice+Notch.swift */; };
		ED36CFF327186FF20001A190 /* UIAnchor.swift in Sources */ = {isa = PBXBuildFile; fileRef = ED36CFF227186FF20001A190 /* UIAnchor.swift */; };
		ED36CFF6271871860001A190 /* MockNetworkMonitor.swift in Sources */ = {isa = PBXBuildFile; fileRef = ED36CFF5271871860001A190 /* MockNetworkMonitor.swift */; };
		ED42B44325FAAA790045F2AC /* DetailsHeaderView.swift in Sources */ = {isa = PBXBuildFile; fileRef = ED42B44225FAAA790045F2AC /* DetailsHeaderView.swift */; };
		ED42B44825FAABF20045F2AC /* DetailsTitleView.swift in Sources */ = {isa = PBXBuildFile; fileRef = ED42B44725FAABF20045F2AC /* DetailsTitleView.swift */; };
		ED42B44E25FAB3850045F2AC /* DetailsTitleModel.swift in Sources */ = {isa = PBXBuildFile; fileRef = ED42B44D25FAB3850045F2AC /* DetailsTitleModel.swift */; };
		ED46A39C264E8849005AD3CA /* DetailsNetworkService.swift in Sources */ = {isa = PBXBuildFile; fileRef = ED46A39B264E8849005AD3CA /* DetailsNetworkService.swift */; };
		ED46A3A1264E8881005AD3CA /* PostersResponse.swift in Sources */ = {isa = PBXBuildFile; fileRef = ED46A3A0264E8881005AD3CA /* PostersResponse.swift */; };
		ED46A3A4264E88AE005AD3CA /* Poster.swift in Sources */ = {isa = PBXBuildFile; fileRef = ED46A3A3264E88AE005AD3CA /* Poster.swift */; };
		ED46A3E0264E94A8005AD3CA /* NetworkMonitorTests.swift in Sources */ = {isa = PBXBuildFile; fileRef = ED46A3DF264E94A8005AD3CA /* NetworkMonitorTests.swift */; };
		ED46A3EB264E963E005AD3CA /* LibraryNetworkServiceTests.swift in Sources */ = {isa = PBXBuildFile; fileRef = ED46A3EA264E963E005AD3CA /* LibraryNetworkServiceTests.swift */; };
		ED46A3F4264E96C1005AD3CA /* LibraryProxyTests.swift in Sources */ = {isa = PBXBuildFile; fileRef = ED46A3F3264E96C1005AD3CA /* LibraryProxyTests.swift */; };
		ED46A3FD264E9750005AD3CA /* MockLibraryDatabaseService.swift in Sources */ = {isa = PBXBuildFile; fileRef = ED46A3FC264E9750005AD3CA /* MockLibraryDatabaseService.swift */; };
		ED46A403264E9792005AD3CA /* MockLibraryNetworkService.swift in Sources */ = {isa = PBXBuildFile; fileRef = ED46A402264E9792005AD3CA /* MockLibraryNetworkService.swift */; };
		ED46A408264E98B0005AD3CA /* MoviesFactory.swift in Sources */ = {isa = PBXBuildFile; fileRef = ED46A407264E98B0005AD3CA /* MoviesFactory.swift */; };
		ED48AD7825FCAECB0099E4B3 /* LibraryMovieModel.swift in Sources */ = {isa = PBXBuildFile; fileRef = ED48AD7725FCAECB0099E4B3 /* LibraryMovieModel.swift */; };
		ED690526264CF60300C543F0 /* Date+DateFormatter.swift in Sources */ = {isa = PBXBuildFile; fileRef = ED690525264CF60300C543F0 /* Date+DateFormatter.swift */; };
		ED734575264C70F3002B9C26 /* Collection+SafeSubscript.swift in Sources */ = {isa = PBXBuildFile; fileRef = ED734574264C70F3002B9C26 /* Collection+SafeSubscript.swift */; };
		ED74C9F425F2B1CB00AC8AAF /* Coordinatable.swift in Sources */ = {isa = PBXBuildFile; fileRef = ED74C9F325F2B1CB00AC8AAF /* Coordinatable.swift */; };
		ED74C9F825F2B22000AC8AAF /* ApplicationCoordinator.swift in Sources */ = {isa = PBXBuildFile; fileRef = ED74C9F725F2B22000AC8AAF /* ApplicationCoordinator.swift */; };
		ED74C9FB25F2B4B900AC8AAF /* LibraryCoordinator.swift in Sources */ = {isa = PBXBuildFile; fileRef = ED74C9FA25F2B4B900AC8AAF /* LibraryCoordinator.swift */; };
		ED74CA0525F2BC3700AC8AAF /* ScreenBuilder.swift in Sources */ = {isa = PBXBuildFile; fileRef = ED74CA0425F2BC3700AC8AAF /* ScreenBuilder.swift */; };
		ED74CA0B25F2BCD700AC8AAF /* LibraryViewController.swift in Sources */ = {isa = PBXBuildFile; fileRef = ED74CA0A25F2BCD700AC8AAF /* LibraryViewController.swift */; };
		ED74CA1025F2BD6200AC8AAF /* LibraryModel.swift in Sources */ = {isa = PBXBuildFile; fileRef = ED74CA0F25F2BD6200AC8AAF /* LibraryModel.swift */; };
		ED74CA1425F2BD8C00AC8AAF /* LibraryNetworkService.swift in Sources */ = {isa = PBXBuildFile; fileRef = ED74CA1325F2BD8C00AC8AAF /* LibraryNetworkService.swift */; };
		ED74CA1925F2BFE600AC8AAF /* LibraryView.swift in Sources */ = {isa = PBXBuildFile; fileRef = ED74CA1825F2BFE600AC8AAF /* LibraryView.swift */; };
		ED844CD325F9555D00266119 /* DetailsHeaderModel.swift in Sources */ = {isa = PBXBuildFile; fileRef = ED844CD225F9555D00266119 /* DetailsHeaderModel.swift */; };
		ED9B394025F4A8A400035982 /* ToolbarView.swift in Sources */ = {isa = PBXBuildFile; fileRef = ED9B393F25F4A8A400035982 /* ToolbarView.swift */; };
		EDA033E825F6167500EA173A /* NetworkingRequestDataModel.swift in Sources */ = {isa = PBXBuildFile; fileRef = EDA033E725F6167500EA173A /* NetworkingRequestDataModel.swift */; };
		EDA033EC25F621DC00EA173A /* GenreResponse.swift in Sources */ = {isa = PBXBuildFile; fileRef = EDA033EB25F621DC00EA173A /* GenreResponse.swift */; };
		EDA033F025F6220400EA173A /* Genre.swift in Sources */ = {isa = PBXBuildFile; fileRef = EDA033EF25F6220400EA173A /* Genre.swift */; };
		EDA033F525F641CE00EA173A /* MovieResponse.swift in Sources */ = {isa = PBXBuildFile; fileRef = EDA033F425F641CE00EA173A /* MovieResponse.swift */; };
		EDA033F825F641F800EA173A /* Movie.swift in Sources */ = {isa = PBXBuildFile; fileRef = EDA033F725F641F800EA173A /* Movie.swift */; };
		EDA0EA79271C1D90000742FC /* UIEdgeInsets.swift in Sources */ = {isa = PBXBuildFile; fileRef = EDA0EA78271C1D90000742FC /* UIEdgeInsets.swift */; };
		EDA4F991264C5EE000AF619F /* LibraryViewModel.swift in Sources */ = {isa = PBXBuildFile; fileRef = EDA4F990264C5EE000AF619F /* LibraryViewModel.swift */; };
		EDBA4A9225F6AE6D00DCCF60 /* DetailsView.swift in Sources */ = {isa = PBXBuildFile; fileRef = EDBA4A9125F6AE6D00DCCF60 /* DetailsView.swift */; };
		EDBA4A9A25F6AEA300DCCF60 /* DetailsViewController.swift in Sources */ = {isa = PBXBuildFile; fileRef = EDBA4A9925F6AEA300DCCF60 /* DetailsViewController.swift */; };
		EDBA4A9D25F6AEF200DCCF60 /* DetailsModel.swift in Sources */ = {isa = PBXBuildFile; fileRef = EDBA4A9C25F6AEF200DCCF60 /* DetailsModel.swift */; };
		EDBA8AD725F0EA02005BAF81 /* AppDelegate.swift in Sources */ = {isa = PBXBuildFile; fileRef = EDBA8AD625F0EA02005BAF81 /* AppDelegate.swift */; };
		EDBA8AD925F0EA02005BAF81 /* SceneDelegate.swift in Sources */ = {isa = PBXBuildFile; fileRef = EDBA8AD825F0EA02005BAF81 /* SceneDelegate.swift */; };
		EDBA8AE025F0EA05005BAF81 /* Assets.xcassets in Resources */ = {isa = PBXBuildFile; fileRef = EDBA8ADF25F0EA05005BAF81 /* Assets.xcassets */; };
		EDBA8AE325F0EA05005BAF81 /* LaunchScreen.storyboard in Resources */ = {isa = PBXBuildFile; fileRef = EDBA8AE125F0EA05005BAF81 /* LaunchScreen.storyboard */; };
		EDBF8A31264C550C00AFA5F7 /* DetailsViewModel.swift in Sources */ = {isa = PBXBuildFile; fileRef = EDBF8A30264C550C00AFA5F7 /* DetailsViewModel.swift */; };
		EDBF8A36264C569C00AFA5F7 /* DetailsComponent.swift in Sources */ = {isa = PBXBuildFile; fileRef = EDBF8A35264C569C00AFA5F7 /* DetailsComponent.swift */; };
		EDC20156264EA37A00EC23B6 /* GenreProxyTests.swift in Sources */ = {isa = PBXBuildFile; fileRef = EDC20155264EA37A00EC23B6 /* GenreProxyTests.swift */; };
		EDC2015D264EA3AF00EC23B6 /* MockGenreDatabaseService.swift in Sources */ = {isa = PBXBuildFile; fileRef = EDC2015C264EA3AF00EC23B6 /* MockGenreDatabaseService.swift */; };
		EDC20168264EA51700EC23B6 /* MockGenreNetworkService.swift in Sources */ = {isa = PBXBuildFile; fileRef = EDC20167264EA51700EC23B6 /* MockGenreNetworkService.swift */; };
		EDC20170264EA61800EC23B6 /* GenreFactories.swift in Sources */ = {isa = PBXBuildFile; fileRef = EDC2016F264EA61800EC23B6 /* GenreFactories.swift */; };
		EDDD9C1925FB374200D67B6A /* DetailsInfoView.swift in Sources */ = {isa = PBXBuildFile; fileRef = EDDD9C1825FB374200D67B6A /* DetailsInfoView.swift */; };
		EDDD9C1C25FB392E00D67B6A /* DetailsInfoModel.swift in Sources */ = {isa = PBXBuildFile; fileRef = EDDD9C1B25FB392E00D67B6A /* DetailsInfoModel.swift */; };
		EDDD9C1F25FB3C0C00D67B6A /* DetailsDescriptionView.swift in Sources */ = {isa = PBXBuildFile; fileRef = EDDD9C1E25FB3C0C00D67B6A /* DetailsDescriptionView.swift */; };
		EDDD9C2225FB3C3E00D67B6A /* DetailsDescriptionModel.swift in Sources */ = {isa = PBXBuildFile; fileRef = EDDD9C2125FB3C3E00D67B6A /* DetailsDescriptionModel.swift */; };
		EDDD9C3525FB51B300D67B6A /* ImageProxyService.swift in Sources */ = {isa = PBXBuildFile; fileRef = EDDD9C3425FB51B300D67B6A /* ImageProxyService.swift */; };
		EDDD9C3925FB549F00D67B6A /* Sharable.swift in Sources */ = {isa = PBXBuildFile; fileRef = EDDD9C3825FB549F00D67B6A /* Sharable.swift */; };
		EDDD9C4125FB5CA200D67B6A /* GenreProxyService.swift in Sources */ = {isa = PBXBuildFile; fileRef = EDDD9C4025FB5CA200D67B6A /* GenreProxyService.swift */; };
		EDE39C3225F6099B00930182 /* Networking.swift in Sources */ = {isa = PBXBuildFile; fileRef = EDE39C3125F6099B00930182 /* Networking.swift */; };
		EDE39C3625F60A2100930182 /* NetworkingEnvironment.swift in Sources */ = {isa = PBXBuildFile; fileRef = EDE39C3525F60A2100930182 /* NetworkingEnvironment.swift */; };
		EDE39C3925F60E4C00930182 /* NetworkingRequest.swift in Sources */ = {isa = PBXBuildFile; fileRef = EDE39C3825F60E4C00930182 /* NetworkingRequest.swift */; };
		EDE39C3C25F6145F00930182 /* NetworkingRequestMethod.swift in Sources */ = {isa = PBXBuildFile; fileRef = EDE39C3B25F6145F00930182 /* NetworkingRequestMethod.swift */; };
		EDF7AD89264D0199004A74A2 /* NetworkingRequestHeaders.swift in Sources */ = {isa = PBXBuildFile; fileRef = EDF7AD87264D0199004A74A2 /* NetworkingRequestHeaders.swift */; };
		EDF7AD8A264D0199004A74A2 /* NetworkingResponse.swift in Sources */ = {isa = PBXBuildFile; fileRef = EDF7AD88264D0199004A74A2 /* NetworkingResponse.swift */; };
		EDF7AD8F264D0542004A74A2 /* NetworkingFactory.swift in Sources */ = {isa = PBXBuildFile; fileRef = EDF7AD8E264D0542004A74A2 /* NetworkingFactory.swift */; };
		EDF7AD92264D05DC004A74A2 /* ProxiesFactory.swift in Sources */ = {isa = PBXBuildFile; fileRef = EDF7AD91264D05DC004A74A2 /* ProxiesFactory.swift */; };
		EDF98880264E9FA700F77982 /* MockImageFileService.swift in Sources */ = {isa = PBXBuildFile; fileRef = EDF9887F264E9FA700F77982 /* MockImageFileService.swift */; };
		EDF98889264EA02600F77982 /* ImageProxyTests.swift in Sources */ = {isa = PBXBuildFile; fileRef = EDF98888264EA02600F77982 /* ImageProxyTests.swift */; };
		EDF98891264EA08600F77982 /* MockImageNetworkService.swift in Sources */ = {isa = PBXBuildFile; fileRef = EDF98890264EA08600F77982 /* MockImageNetworkService.swift */; };
/* End PBXBuildFile section */

/* Begin PBXContainerItemProxy section */
		ED46A3B1264E9087005AD3CA /* PBXContainerItemProxy */ = {
			isa = PBXContainerItemProxy;
			containerPortal = EDBA8ACB25F0EA02005BAF81 /* Project object */;
			proxyType = 1;
			remoteGlobalIDString = EDBA8AD225F0EA02005BAF81;
			remoteInfo = Movies;
		};
/* End PBXContainerItemProxy section */

/* Begin PBXFileReference section */
		90E61768D271DD64013A7F80 /* Pods-Movies.debug.xcconfig */ = {isa = PBXFileReference; includeInIndex = 1; lastKnownFileType = text.xcconfig; name = "Pods-Movies.debug.xcconfig"; path = "Target Support Files/Pods-Movies/Pods-Movies.debug.xcconfig"; sourceTree = "<group>"; };
		B979BBACF50CACF81F27C594 /* Pods-Movies.release.xcconfig */ = {isa = PBXFileReference; includeInIndex = 1; lastKnownFileType = text.xcconfig; name = "Pods-Movies.release.xcconfig"; path = "Target Support Files/Pods-Movies/Pods-Movies.release.xcconfig"; sourceTree = "<group>"; };
		ED05442D264E3DA3004B4012 /* GenreCoreDataService.swift */ = {isa = PBXFileReference; lastKnownFileType = sourcecode.swift; path = GenreCoreDataService.swift; sourceTree = "<group>"; };
		ED054431264E4063004B4012 /* GenreDatabaseProtocol.swift */ = {isa = PBXFileReference; lastKnownFileType = sourcecode.swift; path = GenreDatabaseProtocol.swift; sourceTree = "<group>"; };
		ED054436264E4338004B4012 /* NetworkMonitor.swift */ = {isa = PBXFileReference; lastKnownFileType = sourcecode.swift; path = NetworkMonitor.swift; sourceTree = "<group>"; };
		ED05443A264E4865004B4012 /* LibraryDatabaseServiceProtocol.swift */ = {isa = PBXFileReference; lastKnownFileType = sourcecode.swift; path = LibraryDatabaseServiceProtocol.swift; sourceTree = "<group>"; };
		ED0679EA264E8159009FA0B0 /* DetailsHeaderImageViewCell.swift */ = {isa = PBXFileReference; lastKnownFileType = sourcecode.swift; path = DetailsHeaderImageViewCell.swift; sourceTree = "<group>"; };
		ED08A6EC264D8E150024F718 /* ImageFileService.swift */ = {isa = PBXFileReference; lastKnownFileType = sourcecode.swift; path = ImageFileService.swift; sourceTree = "<group>"; };
		ED08A6F5264D9D6D0024F718 /* String+Trimmer.swift */ = {isa = PBXFileReference; lastKnownFileType = sourcecode.swift; path = "String+Trimmer.swift"; sourceTree = "<group>"; };
		ED08A6F9264D9FAC0024F718 /* ImageNetworkService.swift */ = {isa = PBXFileReference; lastKnownFileType = sourcecode.swift; path = ImageNetworkService.swift; sourceTree = "<group>"; };
		ED08A6FF264DA51A0024F718 /* LibaryProxyService.swift */ = {isa = PBXFileReference; lastKnownFileType = sourcecode.swift; path = LibaryProxyService.swift; sourceTree = "<group>"; };
		ED08A703264DAAC30024F718 /* CoreData.swift */ = {isa = PBXFileReference; lastKnownFileType = sourcecode.swift; path = CoreData.swift; sourceTree = "<group>"; };
		ED08A706264DB03A0024F718 /* DispatchQueue+SafeMain.swift */ = {isa = PBXFileReference; lastKnownFileType = sourcecode.swift; path = "DispatchQueue+SafeMain.swift"; sourceTree = "<group>"; };
		ED14860E264CFED2006EA303 /* ServiceFactory.swift */ = {isa = PBXFileReference; lastKnownFileType = sourcecode.swift; path = ServiceFactory.swift; sourceTree = "<group>"; };
		ED148614264CFFC0006EA303 /* GenreNetworkService.swift */ = {isa = PBXFileReference; lastKnownFileType = sourcecode.swift; path = GenreNetworkService.swift; sourceTree = "<group>"; };
		ED18B05D264CEC7600B1D8FA /* CategoryView.swift */ = {isa = PBXFileReference; lastKnownFileType = sourcecode.swift; path = CategoryView.swift; sourceTree = "<group>"; };
		ED18B061264CF55400B1D8FA /* String+DateFormatter.swift */ = {isa = PBXFileReference; lastKnownFileType = sourcecode.swift; path = "String+DateFormatter.swift"; sourceTree = "<group>"; };
		ED1AF44725F3829F00811562 /* LibraryMovieView.swift */ = {isa = PBXFileReference; lastKnownFileType = sourcecode.swift; path = LibraryMovieView.swift; sourceTree = "<group>"; };
		ED1AF44B25F38F2D00811562 /* UICollectionReusableView+Identifiable.swift */ = {isa = PBXFileReference; lastKnownFileType = sourcecode.swift; path = "UICollectionReusableView+Identifiable.swift"; sourceTree = "<group>"; };
		ED1EC2F9264DB34C0044BD7A /* Movies.xcdatamodel */ = {isa = PBXFileReference; lastKnownFileType = wrapper.xcdatamodel; path = Movies.xcdatamodel; sourceTree = "<group>"; };
		ED1EC308264DB6A20044BD7A /* CDGenre+CoreDataClass.swift */ = {isa = PBXFileReference; lastKnownFileType = sourcecode.swift; path = "CDGenre+CoreDataClass.swift"; sourceTree = "<group>"; };
		ED1EC309264DB6A20044BD7A /* CDGenre+CoreDataProperties.swift */ = {isa = PBXFileReference; lastKnownFileType = sourcecode.swift; path = "CDGenre+CoreDataProperties.swift"; sourceTree = "<group>"; };
		ED1EC30A264DB6A20044BD7A /* CDMovie+CoreDataClass.swift */ = {isa = PBXFileReference; lastKnownFileType = sourcecode.swift; path = "CDMovie+CoreDataClass.swift"; sourceTree = "<group>"; };
		ED1EC30B264DB6A20044BD7A /* CDMovie+CoreDataProperties.swift */ = {isa = PBXFileReference; lastKnownFileType = sourcecode.swift; path = "CDMovie+CoreDataProperties.swift"; sourceTree = "<group>"; };
		ED1EC31A264DBAB90044BD7A /* Integer.swift */ = {isa = PBXFileReference; lastKnownFileType = sourcecode.swift; path = Integer.swift; sourceTree = "<group>"; };
		ED1EC31E264DBDA70044BD7A /* LibraryCoreDataService.swift */ = {isa = PBXFileReference; lastKnownFileType = sourcecode.swift; path = LibraryCoreDataService.swift; sourceTree = "<group>"; };
		ED34792A25F3EAF600F46AE8 /* SegmentedControl.swift */ = {isa = PBXFileReference; lastKnownFileType = sourcecode.swift; path = SegmentedControl.swift; sourceTree = "<group>"; };
		ED36CFEF271859FC0001A190 /* UIDevice+Notch.swift */ = {isa = PBXFileReference; lastKnownFileType = sourcecode.swift; path = "UIDevice+Notch.swift"; sourceTree = "<group>"; };
		ED36CFF127186E7D0001A190 /* Movies.app */ = {isa = PBXFileReference; explicitFileType = wrapper.application; includeInIndex = 0; path = Movies.app; sourceTree = BUILT_PRODUCTS_DIR; };
		ED36CFF227186FF20001A190 /* UIAnchor.swift */ = {isa = PBXFileReference; lastKnownFileType = sourcecode.swift; path = UIAnchor.swift; sourceTree = "<group>"; };
		ED36CFF5271871860001A190 /* MockNetworkMonitor.swift */ = {isa = PBXFileReference; lastKnownFileType = sourcecode.swift; path = MockNetworkMonitor.swift; sourceTree = "<group>"; };
		ED42B44225FAAA790045F2AC /* DetailsHeaderView.swift */ = {isa = PBXFileReference; lastKnownFileType = sourcecode.swift; path = DetailsHeaderView.swift; sourceTree = "<group>"; };
		ED42B44725FAABF20045F2AC /* DetailsTitleView.swift */ = {isa = PBXFileReference; lastKnownFileType = sourcecode.swift; path = DetailsTitleView.swift; sourceTree = "<group>"; };
		ED42B44D25FAB3850045F2AC /* DetailsTitleModel.swift */ = {isa = PBXFileReference; lastKnownFileType = sourcecode.swift; path = DetailsTitleModel.swift; sourceTree = "<group>"; };
		ED46A39B264E8849005AD3CA /* DetailsNetworkService.swift */ = {isa = PBXFileReference; lastKnownFileType = sourcecode.swift; path = DetailsNetworkService.swift; sourceTree = "<group>"; };
		ED46A3A0264E8881005AD3CA /* PostersResponse.swift */ = {isa = PBXFileReference; lastKnownFileType = sourcecode.swift; path = PostersResponse.swift; sourceTree = "<group>"; };
		ED46A3A3264E88AE005AD3CA /* Poster.swift */ = {isa = PBXFileReference; lastKnownFileType = sourcecode.swift; path = Poster.swift; sourceTree = "<group>"; };
		ED46A3B0264E9087005AD3CA /* Info.plist */ = {isa = PBXFileReference; lastKnownFileType = text.plist.xml; path = Info.plist; sourceTree = "<group>"; };
		ED46A3DF264E94A8005AD3CA /* NetworkMonitorTests.swift */ = {isa = PBXFileReference; lastKnownFileType = sourcecode.swift; path = NetworkMonitorTests.swift; sourceTree = "<group>"; };
		ED46A3EA264E963E005AD3CA /* LibraryNetworkServiceTests.swift */ = {isa = PBXFileReference; lastKnownFileType = sourcecode.swift; path = LibraryNetworkServiceTests.swift; sourceTree = "<group>"; };
		ED46A3F3264E96C1005AD3CA /* LibraryProxyTests.swift */ = {isa = PBXFileReference; lastKnownFileType = sourcecode.swift; path = LibraryProxyTests.swift; sourceTree = "<group>"; };
		ED46A3FC264E9750005AD3CA /* MockLibraryDatabaseService.swift */ = {isa = PBXFileReference; lastKnownFileType = sourcecode.swift; path = MockLibraryDatabaseService.swift; sourceTree = "<group>"; };
		ED46A402264E9792005AD3CA /* MockLibraryNetworkService.swift */ = {isa = PBXFileReference; lastKnownFileType = sourcecode.swift; path = MockLibraryNetworkService.swift; sourceTree = "<group>"; };
		ED46A407264E98B0005AD3CA /* MoviesFactory.swift */ = {isa = PBXFileReference; lastKnownFileType = sourcecode.swift; path = MoviesFactory.swift; sourceTree = "<group>"; };
		ED48AD7725FCAECB0099E4B3 /* LibraryMovieModel.swift */ = {isa = PBXFileReference; lastKnownFileType = sourcecode.swift; path = LibraryMovieModel.swift; sourceTree = "<group>"; };
		ED690525264CF60300C543F0 /* Date+DateFormatter.swift */ = {isa = PBXFileReference; lastKnownFileType = sourcecode.swift; path = "Date+DateFormatter.swift"; sourceTree = "<group>"; };
		ED734574264C70F3002B9C26 /* Collection+SafeSubscript.swift */ = {isa = PBXFileReference; lastKnownFileType = sourcecode.swift; path = "Collection+SafeSubscript.swift"; sourceTree = "<group>"; };
		ED74C9F325F2B1CB00AC8AAF /* Coordinatable.swift */ = {isa = PBXFileReference; lastKnownFileType = sourcecode.swift; path = Coordinatable.swift; sourceTree = "<group>"; };
		ED74C9F725F2B22000AC8AAF /* ApplicationCoordinator.swift */ = {isa = PBXFileReference; lastKnownFileType = sourcecode.swift; path = ApplicationCoordinator.swift; sourceTree = "<group>"; };
		ED74C9FA25F2B4B900AC8AAF /* LibraryCoordinator.swift */ = {isa = PBXFileReference; lastKnownFileType = sourcecode.swift; path = LibraryCoordinator.swift; sourceTree = "<group>"; };
		ED74CA0425F2BC3700AC8AAF /* ScreenBuilder.swift */ = {isa = PBXFileReference; lastKnownFileType = sourcecode.swift; path = ScreenBuilder.swift; sourceTree = "<group>"; };
		ED74CA0A25F2BCD700AC8AAF /* LibraryViewController.swift */ = {isa = PBXFileReference; lastKnownFileType = sourcecode.swift; path = LibraryViewController.swift; sourceTree = "<group>"; };
		ED74CA0F25F2BD6200AC8AAF /* LibraryModel.swift */ = {isa = PBXFileReference; lastKnownFileType = sourcecode.swift; path = LibraryModel.swift; sourceTree = "<group>"; };
		ED74CA1325F2BD8C00AC8AAF /* LibraryNetworkService.swift */ = {isa = PBXFileReference; lastKnownFileType = sourcecode.swift; path = LibraryNetworkService.swift; sourceTree = "<group>"; };
		ED74CA1825F2BFE600AC8AAF /* LibraryView.swift */ = {isa = PBXFileReference; lastKnownFileType = sourcecode.swift; path = LibraryView.swift; sourceTree = "<group>"; };
		ED844CD225F9555D00266119 /* DetailsHeaderModel.swift */ = {isa = PBXFileReference; lastKnownFileType = sourcecode.swift; path = DetailsHeaderModel.swift; sourceTree = "<group>"; };
		ED9B393F25F4A8A400035982 /* ToolbarView.swift */ = {isa = PBXFileReference; lastKnownFileType = sourcecode.swift; path = ToolbarView.swift; sourceTree = "<group>"; };
		EDA033E725F6167500EA173A /* NetworkingRequestDataModel.swift */ = {isa = PBXFileReference; lastKnownFileType = sourcecode.swift; path = NetworkingRequestDataModel.swift; sourceTree = "<group>"; };
		EDA033EB25F621DC00EA173A /* GenreResponse.swift */ = {isa = PBXFileReference; lastKnownFileType = sourcecode.swift; path = GenreResponse.swift; sourceTree = "<group>"; };
		EDA033EF25F6220400EA173A /* Genre.swift */ = {isa = PBXFileReference; lastKnownFileType = sourcecode.swift; path = Genre.swift; sourceTree = "<group>"; };
		EDA033F425F641CE00EA173A /* MovieResponse.swift */ = {isa = PBXFileReference; lastKnownFileType = sourcecode.swift; path = MovieResponse.swift; sourceTree = "<group>"; };
		EDA033F725F641F800EA173A /* Movie.swift */ = {isa = PBXFileReference; lastKnownFileType = sourcecode.swift; path = Movie.swift; sourceTree = "<group>"; };
		EDA0EA77271C0879000742FC /* MoviesTests.xctest */ = {isa = PBXFileReference; explicitFileType = wrapper.cfbundle; includeInIndex = 0; name = MoviesTests.xctest; path = "/Users/kotsur/Developer/The-Movies/build/Debug-iphoneos/MoviesTests.xctest"; sourceTree = "<absolute>"; };
		EDA0EA78271C1D90000742FC /* UIEdgeInsets.swift */ = {isa = PBXFileReference; fileEncoding = 4; lastKnownFileType = sourcecode.swift; path = UIEdgeInsets.swift; sourceTree = "<group>"; };
		EDA4F990264C5EE000AF619F /* LibraryViewModel.swift */ = {isa = PBXFileReference; lastKnownFileType = sourcecode.swift; path = LibraryViewModel.swift; sourceTree = "<group>"; };
		EDBA4A9125F6AE6D00DCCF60 /* DetailsView.swift */ = {isa = PBXFileReference; lastKnownFileType = sourcecode.swift; path = DetailsView.swift; sourceTree = "<group>"; };
		EDBA4A9925F6AEA300DCCF60 /* DetailsViewController.swift */ = {isa = PBXFileReference; lastKnownFileType = sourcecode.swift; path = DetailsViewController.swift; sourceTree = "<group>"; };
		EDBA4A9C25F6AEF200DCCF60 /* DetailsModel.swift */ = {isa = PBXFileReference; lastKnownFileType = sourcecode.swift; path = DetailsModel.swift; sourceTree = "<group>"; };
		EDBA8AD625F0EA02005BAF81 /* AppDelegate.swift */ = {isa = PBXFileReference; lastKnownFileType = sourcecode.swift; path = AppDelegate.swift; sourceTree = "<group>"; };
		EDBA8AD825F0EA02005BAF81 /* SceneDelegate.swift */ = {isa = PBXFileReference; lastKnownFileType = sourcecode.swift; path = SceneDelegate.swift; sourceTree = "<group>"; };
		EDBA8ADF25F0EA05005BAF81 /* Assets.xcassets */ = {isa = PBXFileReference; lastKnownFileType = folder.assetcatalog; path = Assets.xcassets; sourceTree = "<group>"; };
		EDBA8AE225F0EA05005BAF81 /* Base */ = {isa = PBXFileReference; lastKnownFileType = file.storyboard; name = Base; path = Base.lproj/LaunchScreen.storyboard; sourceTree = "<group>"; };
		EDBA8AE425F0EA05005BAF81 /* Info.plist */ = {isa = PBXFileReference; lastKnownFileType = text.plist.xml; path = Info.plist; sourceTree = "<group>"; };
		EDBF8A30264C550C00AFA5F7 /* DetailsViewModel.swift */ = {isa = PBXFileReference; lastKnownFileType = sourcecode.swift; path = DetailsViewModel.swift; sourceTree = "<group>"; };
		EDBF8A35264C569C00AFA5F7 /* DetailsComponent.swift */ = {isa = PBXFileReference; lastKnownFileType = sourcecode.swift; path = DetailsComponent.swift; sourceTree = "<group>"; };
		EDC20155264EA37A00EC23B6 /* GenreProxyTests.swift */ = {isa = PBXFileReference; lastKnownFileType = sourcecode.swift; path = GenreProxyTests.swift; sourceTree = "<group>"; };
		EDC2015C264EA3AF00EC23B6 /* MockGenreDatabaseService.swift */ = {isa = PBXFileReference; lastKnownFileType = sourcecode.swift; path = MockGenreDatabaseService.swift; sourceTree = "<group>"; };
		EDC20167264EA51700EC23B6 /* MockGenreNetworkService.swift */ = {isa = PBXFileReference; lastKnownFileType = sourcecode.swift; path = MockGenreNetworkService.swift; sourceTree = "<group>"; };
		EDC2016F264EA61800EC23B6 /* GenreFactories.swift */ = {isa = PBXFileReference; lastKnownFileType = sourcecode.swift; path = GenreFactories.swift; sourceTree = "<group>"; };
		EDDD9C1825FB374200D67B6A /* DetailsInfoView.swift */ = {isa = PBXFileReference; lastKnownFileType = sourcecode.swift; path = DetailsInfoView.swift; sourceTree = "<group>"; };
		EDDD9C1B25FB392E00D67B6A /* DetailsInfoModel.swift */ = {isa = PBXFileReference; lastKnownFileType = sourcecode.swift; path = DetailsInfoModel.swift; sourceTree = "<group>"; };
		EDDD9C1E25FB3C0C00D67B6A /* DetailsDescriptionView.swift */ = {isa = PBXFileReference; lastKnownFileType = sourcecode.swift; path = DetailsDescriptionView.swift; sourceTree = "<group>"; };
		EDDD9C2125FB3C3E00D67B6A /* DetailsDescriptionModel.swift */ = {isa = PBXFileReference; lastKnownFileType = sourcecode.swift; path = DetailsDescriptionModel.swift; sourceTree = "<group>"; };
		EDDD9C3425FB51B300D67B6A /* ImageProxyService.swift */ = {isa = PBXFileReference; lastKnownFileType = sourcecode.swift; path = ImageProxyService.swift; sourceTree = "<group>"; };
		EDDD9C3825FB549F00D67B6A /* Sharable.swift */ = {isa = PBXFileReference; lastKnownFileType = sourcecode.swift; path = Sharable.swift; sourceTree = "<group>"; };
		EDDD9C4025FB5CA200D67B6A /* GenreProxyService.swift */ = {isa = PBXFileReference; lastKnownFileType = sourcecode.swift; path = GenreProxyService.swift; sourceTree = "<group>"; };
		EDE39C3125F6099B00930182 /* Networking.swift */ = {isa = PBXFileReference; lastKnownFileType = sourcecode.swift; path = Networking.swift; sourceTree = "<group>"; };
		EDE39C3525F60A2100930182 /* NetworkingEnvironment.swift */ = {isa = PBXFileReference; lastKnownFileType = sourcecode.swift; path = NetworkingEnvironment.swift; sourceTree = "<group>"; };
		EDE39C3825F60E4C00930182 /* NetworkingRequest.swift */ = {isa = PBXFileReference; lastKnownFileType = sourcecode.swift; path = NetworkingRequest.swift; sourceTree = "<group>"; };
		EDE39C3B25F6145F00930182 /* NetworkingRequestMethod.swift */ = {isa = PBXFileReference; lastKnownFileType = sourcecode.swift; path = NetworkingRequestMethod.swift; sourceTree = "<group>"; };
		EDF7AD87264D0199004A74A2 /* NetworkingRequestHeaders.swift */ = {isa = PBXFileReference; fileEncoding = 4; lastKnownFileType = sourcecode.swift; path = NetworkingRequestHeaders.swift; sourceTree = "<group>"; };
		EDF7AD88264D0199004A74A2 /* NetworkingResponse.swift */ = {isa = PBXFileReference; fileEncoding = 4; lastKnownFileType = sourcecode.swift; path = NetworkingResponse.swift; sourceTree = "<group>"; };
		EDF7AD8E264D0542004A74A2 /* NetworkingFactory.swift */ = {isa = PBXFileReference; lastKnownFileType = sourcecode.swift; path = NetworkingFactory.swift; sourceTree = "<group>"; };
		EDF7AD91264D05DC004A74A2 /* ProxiesFactory.swift */ = {isa = PBXFileReference; lastKnownFileType = sourcecode.swift; path = ProxiesFactory.swift; sourceTree = "<group>"; };
		EDF9887F264E9FA700F77982 /* MockImageFileService.swift */ = {isa = PBXFileReference; lastKnownFileType = sourcecode.swift; path = MockImageFileService.swift; sourceTree = "<group>"; };
		EDF98888264EA02600F77982 /* ImageProxyTests.swift */ = {isa = PBXFileReference; lastKnownFileType = sourcecode.swift; path = ImageProxyTests.swift; sourceTree = "<group>"; };
		EDF98890264EA08600F77982 /* MockImageNetworkService.swift */ = {isa = PBXFileReference; lastKnownFileType = sourcecode.swift; path = MockImageNetworkService.swift; sourceTree = "<group>"; };
/* End PBXFileReference section */

/* Begin PBXFrameworksBuildPhase section */
		ED46A3A9264E9087005AD3CA /* Frameworks */ = {
			isa = PBXFrameworksBuildPhase;
			buildActionMask = 2147483647;
			files = (
			);
			runOnlyForDeploymentPostprocessing = 0;
		};
		EDBA8AD025F0EA02005BAF81 /* Frameworks */ = {
			isa = PBXFrameworksBuildPhase;
			buildActionMask = 2147483647;
			files = (
			);
			runOnlyForDeploymentPostprocessing = 0;
		};
/* End PBXFrameworksBuildPhase section */

/* Begin PBXGroup section */
		AADC62076697FED07F816C6F /* Pods */ = {
			isa = PBXGroup;
			children = (
				90E61768D271DD64013A7F80 /* Pods-Movies.debug.xcconfig */,
				B979BBACF50CACF81F27C594 /* Pods-Movies.release.xcconfig */,
			);
			path = Pods;
			sourceTree = "<group>";
		};
		ED05442C264E3D8D004B4012 /* GenreCoreDataService */ = {
			isa = PBXGroup;
			children = (
				ED05442D264E3DA3004B4012 /* GenreCoreDataService.swift */,
			);
			path = GenreCoreDataService;
			sourceTree = "<group>";
		};
		ED054430264E404F004B4012 /* Protocols */ = {
			isa = PBXGroup;
			children = (
				ED054431264E4063004B4012 /* GenreDatabaseProtocol.swift */,
			);
			path = Protocols;
			sourceTree = "<group>";
		};
		ED054435264E4325004B4012 /* NetworkMonitor */ = {
			isa = PBXGroup;
			children = (
				ED054436264E4338004B4012 /* NetworkMonitor.swift */,
			);
			path = NetworkMonitor;
			sourceTree = "<group>";
		};
		ED054439264E4844004B4012 /* Protocols */ = {
			isa = PBXGroup;
			children = (
				ED05443A264E4865004B4012 /* LibraryDatabaseServiceProtocol.swift */,
			);
			path = Protocols;
			sourceTree = "<group>";
		};
		ED0679E9264E814F009FA0B0 /* Cell */ = {
			isa = PBXGroup;
			children = (
				ED0679EA264E8159009FA0B0 /* DetailsHeaderImageViewCell.swift */,
			);
			path = Cell;
			sourceTree = "<group>";
		};
		ED08A6EA264D8DFC0024F718 /* ImageFileService */ = {
			isa = PBXGroup;
			children = (
				ED08A6EC264D8E150024F718 /* ImageFileService.swift */,
			);
			path = ImageFileService;
			sourceTree = "<group>";
		};
		ED08A6F8264D9F9F0024F718 /* ImageNetworkService */ = {
			isa = PBXGroup;
			children = (
				ED08A6F9264D9FAC0024F718 /* ImageNetworkService.swift */,
			);
			path = ImageNetworkService;
			sourceTree = "<group>";
		};
		ED08A6FE264DA5050024F718 /* LibraryProxy */ = {
			isa = PBXGroup;
			children = (
				ED054439264E4844004B4012 /* Protocols */,
				ED08A6FF264DA51A0024F718 /* LibaryProxyService.swift */,
			);
			path = LibraryProxy;
			sourceTree = "<group>";
		};
		ED08A702264DAAB60024F718 /* CoreData */ = {
			isa = PBXGroup;
			children = (
				ED08A703264DAAC30024F718 /* CoreData.swift */,
			);
			path = CoreData;
			sourceTree = "<group>";
		};
		ED148612264CFF83006EA303 /* Core */ = {
			isa = PBXGroup;
			children = (
				ED08A702264DAAB60024F718 /* CoreData */,
				EDE39C2E25F6094E00930182 /* Networking */,
			);
			path = Core;
			sourceTree = "<group>";
		};
		ED148613264CFFA8006EA303 /* GenreNetworkService */ = {
			isa = PBXGroup;
			children = (
				ED148614264CFFC0006EA303 /* GenreNetworkService.swift */,
			);
			path = GenreNetworkService;
			sourceTree = "<group>";
		};
		ED1AF44A25F38F0C00811562 /* Extensions */ = {
			isa = PBXGroup;
			children = (
				ED36CFEE271859D50001A190 /* UI */,
				ED734574264C70F3002B9C26 /* Collection+SafeSubscript.swift */,
				ED690525264CF60300C543F0 /* Date+DateFormatter.swift */,
				ED18B061264CF55400B1D8FA /* String+DateFormatter.swift */,
				ED08A6F5264D9D6D0024F718 /* String+Trimmer.swift */,
				ED08A706264DB03A0024F718 /* DispatchQueue+SafeMain.swift */,
				ED1EC31A264DBAB90044BD7A /* Integer.swift */,
			);
			path = Extensions;
			sourceTree = "<group>";
		};
		ED1EC2FC264DB5840044BD7A /* CoreData */ = {
			isa = PBXGroup;
			children = (
				ED1EC308264DB6A20044BD7A /* CDGenre+CoreDataClass.swift */,
				ED1EC309264DB6A20044BD7A /* CDGenre+CoreDataProperties.swift */,
				ED1EC30A264DB6A20044BD7A /* CDMovie+CoreDataClass.swift */,
				ED1EC30B264DB6A20044BD7A /* CDMovie+CoreDataProperties.swift */,
			);
			path = CoreData;
			sourceTree = "<group>";
		};
		ED1EC31D264DBD840044BD7A /* LibraryCoreDataService */ = {
			isa = PBXGroup;
			children = (
				ED1EC31E264DBDA70044BD7A /* LibraryCoreDataService.swift */,
			);
			path = LibraryCoreDataService;
			sourceTree = "<group>";
		};
		ED34792925F3EABC00F46AE8 /* Common */ = {
			isa = PBXGroup;
			children = (
				ED34792A25F3EAF600F46AE8 /* SegmentedControl.swift */,
				ED9B393F25F4A8A400035982 /* ToolbarView.swift */,
				ED18B05D264CEC7600B1D8FA /* CategoryView.swift */,
			);
			path = Common;
			sourceTree = "<group>";
		};
		ED36CFEE271859D50001A190 /* UI */ = {
			isa = PBXGroup;
			children = (
				EDA0EA78271C1D90000742FC /* UIEdgeInsets.swift */,
				ED1AF44B25F38F2D00811562 /* UICollectionReusableView+Identifiable.swift */,
				ED36CFEF271859FC0001A190 /* UIDevice+Notch.swift */,
				ED36CFF227186FF20001A190 /* UIAnchor.swift */,
			);
			path = UI;
			sourceTree = "<group>";
		};
		ED36CFF4271871770001A190 /* Mock */ = {
			isa = PBXGroup;
			children = (
				ED36CFF5271871860001A190 /* MockNetworkMonitor.swift */,
			);
			path = Mock;
			sourceTree = "<group>";
		};
		ED46A399264E87E5005AD3CA /* CoreData */ = {
			isa = PBXGroup;
			children = (
				ED05442C264E3D8D004B4012 /* GenreCoreDataService */,
				ED1EC31D264DBD840044BD7A /* LibraryCoreDataService */,
			);
			path = CoreData;
			sourceTree = "<group>";
		};
		ED46A39A264E8800005AD3CA /* DetailsNetworkService */ = {
			isa = PBXGroup;
			children = (
				ED46A39F264E8871005AD3CA /* Model */,
				ED46A39B264E8849005AD3CA /* DetailsNetworkService.swift */,
			);
			path = DetailsNetworkService;
			sourceTree = "<group>";
		};
		ED46A39F264E8871005AD3CA /* Model */ = {
			isa = PBXGroup;
			children = (
				ED46A3A0264E8881005AD3CA /* PostersResponse.swift */,
			);
			path = Model;
			sourceTree = "<group>";
		};
		ED46A3AD264E9087005AD3CA /* MoviesTests */ = {
			isa = PBXGroup;
			children = (
				ED46A406264E98A2005AD3CA /* Factories */,
				ED46A3B8264E9165005AD3CA /* Services */,
				ED46A3B0264E9087005AD3CA /* Info.plist */,
			);
			path = MoviesTests;
			sourceTree = "<group>";
		};
		ED46A3B8264E9165005AD3CA /* Services */ = {
			isa = PBXGroup;
			children = (
				EDC2015B264EA39E00EC23B6 /* GenreDatabaseService */,
				EDF9887C264E9F8300F77982 /* ImageFileService */,
				ED46A3FA264E9734005AD3CA /* LibraryDatabaseService */,
				ED46A3F0264E969F005AD3CA /* Proxies */,
				ED46A3D6264E943C005AD3CA /* NetworkMonitor */,
				ED46A3D5264E942A005AD3CA /* NetworkService */,
			);
			path = Services;
			sourceTree = "<group>";
		};
		ED46A3D5264E942A005AD3CA /* NetworkService */ = {
			isa = PBXGroup;
			children = (
				EDC20165264EA4F000EC23B6 /* GenreNetworkService */,
				EDF9888E264EA06E00F77982 /* ImageNetworkService */,
				ED46A3E7264E961F005AD3CA /* LibraryNetworkService */,
			);
			path = NetworkService;
			sourceTree = "<group>";
		};
		ED46A3D6264E943C005AD3CA /* NetworkMonitor */ = {
			isa = PBXGroup;
			children = (
				ED36CFF4271871770001A190 /* Mock */,
				ED46A3DE264E9496005AD3CA /* Tests */,
			);
			path = NetworkMonitor;
			sourceTree = "<group>";
		};
		ED46A3DE264E9496005AD3CA /* Tests */ = {
			isa = PBXGroup;
			children = (
				ED46A3DF264E94A8005AD3CA /* NetworkMonitorTests.swift */,
			);
			path = Tests;
			sourceTree = "<group>";
		};
		ED46A3E7264E961F005AD3CA /* LibraryNetworkService */ = {
			isa = PBXGroup;
			children = (
				ED46A3E8264E9625005AD3CA /* Tests */,
				ED46A3E9264E962A005AD3CA /* Mock */,
			);
			path = LibraryNetworkService;
			sourceTree = "<group>";
		};
		ED46A3E8264E9625005AD3CA /* Tests */ = {
			isa = PBXGroup;
			children = (
				ED46A3EA264E963E005AD3CA /* LibraryNetworkServiceTests.swift */,
			);
			path = Tests;
			sourceTree = "<group>";
		};
		ED46A3E9264E962A005AD3CA /* Mock */ = {
			isa = PBXGroup;
			children = (
				ED46A402264E9792005AD3CA /* MockLibraryNetworkService.swift */,
			);
			path = Mock;
			sourceTree = "<group>";
		};
		ED46A3F0264E969F005AD3CA /* Proxies */ = {
			isa = PBXGroup;
			children = (
				EDC20153264EA35C00EC23B6 /* GenreProxy */,
				EDF98885264EA00600F77982 /* ImageProxy */,
				ED46A3F1264E96AA005AD3CA /* LibraryProxy */,
			);
			path = Proxies;
			sourceTree = "<group>";
		};
		ED46A3F1264E96AA005AD3CA /* LibraryProxy */ = {
			isa = PBXGroup;
			children = (
				ED46A3F2264E96B4005AD3CA /* Tests */,
			);
			path = LibraryProxy;
			sourceTree = "<group>";
		};
		ED46A3F2264E96B4005AD3CA /* Tests */ = {
			isa = PBXGroup;
			children = (
				ED46A3F3264E96C1005AD3CA /* LibraryProxyTests.swift */,
			);
			path = Tests;
			sourceTree = "<group>";
		};
		ED46A3FA264E9734005AD3CA /* LibraryDatabaseService */ = {
			isa = PBXGroup;
			children = (
				ED46A3FB264E973F005AD3CA /* Mock */,
			);
			path = LibraryDatabaseService;
			sourceTree = "<group>";
		};
		ED46A3FB264E973F005AD3CA /* Mock */ = {
			isa = PBXGroup;
			children = (
				ED46A3FC264E9750005AD3CA /* MockLibraryDatabaseService.swift */,
			);
			path = Mock;
			sourceTree = "<group>";
		};
		ED46A406264E98A2005AD3CA /* Factories */ = {
			isa = PBXGroup;
			children = (
				ED46A407264E98B0005AD3CA /* MoviesFactory.swift */,
				EDC2016F264EA61800EC23B6 /* GenreFactories.swift */,
			);
			path = Factories;
			sourceTree = "<group>";
		};
		ED74C9F225F2B1BD00AC8AAF /* Coordinators */ = {
			isa = PBXGroup;
			children = (
				ED74C9F725F2B22000AC8AAF /* ApplicationCoordinator.swift */,
				ED74C9FA25F2B4B900AC8AAF /* LibraryCoordinator.swift */,
			);
			path = Coordinators;
			sourceTree = "<group>";
		};
		ED74CA0225F2BC2100AC8AAF /* Screens */ = {
			isa = PBXGroup;
			children = (
				ED74CA0825F2BCB800AC8AAF /* Library */,
				EDBA4A8F25F6AE4F00DCCF60 /* Details */,
				ED34792925F3EABC00F46AE8 /* Common */,
				ED74CA0425F2BC3700AC8AAF /* ScreenBuilder.swift */,
			);
			path = Screens;
			sourceTree = "<group>";
		};
		ED74CA0825F2BCB800AC8AAF /* Library */ = {
			isa = PBXGroup;
			children = (
				ED74CA0E25F2BD5200AC8AAF /* Model */,
				EDA4F98F264C5EC200AF619F /* ViewModel */,
				ED74CA1B25F2BFEB00AC8AAF /* View */,
				ED74CA0925F2BCCB00AC8AAF /* ViewController */,
			);
			path = Library;
			sourceTree = "<group>";
		};
		ED74CA0925F2BCCB00AC8AAF /* ViewController */ = {
			isa = PBXGroup;
			children = (
				ED74CA0A25F2BCD700AC8AAF /* LibraryViewController.swift */,
			);
			path = ViewController;
			sourceTree = "<group>";
		};
		ED74CA0E25F2BD5200AC8AAF /* Model */ = {
			isa = PBXGroup;
			children = (
				ED74CA0F25F2BD6200AC8AAF /* LibraryModel.swift */,
			);
			path = Model;
			sourceTree = "<group>";
		};
		ED74CA1225F2BD7500AC8AAF /* LibraryNetworking */ = {
			isa = PBXGroup;
			children = (
				ED87A8CC25FCB8CC004DB404 /* Model */,
				ED74CA1325F2BD8C00AC8AAF /* LibraryNetworkService.swift */,
			);
			path = LibraryNetworking;
			sourceTree = "<group>";
		};
		ED74CA1B25F2BFEB00AC8AAF /* View */ = {
			isa = PBXGroup;
			children = (
				EDA4F993264C616500AF619F /* Cell */,
				ED74CA1825F2BFE600AC8AAF /* LibraryView.swift */,
			);
			path = View;
			sourceTree = "<group>";
		};
		ED87A8C725FCB7B9004DB404 /* Entities */ = {
			isa = PBXGroup;
			children = (
				ED1EC2FC264DB5840044BD7A /* CoreData */,
				EDA033EF25F6220400EA173A /* Genre.swift */,
				EDA033F725F641F800EA173A /* Movie.swift */,
				ED46A3A3264E88AE005AD3CA /* Poster.swift */,
			);
			path = Entities;
			sourceTree = "<group>";
		};
		ED87A8CC25FCB8CC004DB404 /* Model */ = {
			isa = PBXGroup;
			children = (
				EDA033EB25F621DC00EA173A /* GenreResponse.swift */,
				EDA033F425F641CE00EA173A /* MovieResponse.swift */,
			);
			path = Model;
			sourceTree = "<group>";
		};
		EDA1B6D4264AEB7A00F96737 /* Resources */ = {
			isa = PBXGroup;
			children = (
				EDBA8AE125F0EA05005BAF81 /* LaunchScreen.storyboard */,
				EDBA8ADF25F0EA05005BAF81 /* Assets.xcassets */,
				EDBA8AE425F0EA05005BAF81 /* Info.plist */,
				ED1EC2F8264DB34C0044BD7A /* Movies.xcdatamodeld */,
			);
			path = Resources;
			sourceTree = "<group>";
		};
		EDA1B6D5264AEB8A00F96737 /* Presentation */ = {
			isa = PBXGroup;
			children = (
				ED74CA0225F2BC2100AC8AAF /* Screens */,
			);
			path = Presentation;
			sourceTree = "<group>";
		};
		EDA1B6D6264AEBA600F96737 /* Business */ = {
			isa = PBXGroup;
			children = (
				EDD6311C25F6765900CF7112 /* Services */,
				ED74C9F225F2B1BD00AC8AAF /* Coordinators */,
			);
			path = Business;
			sourceTree = "<group>";
		};
		EDA4F983264C5DCD00AF619F /* Header */ = {
			isa = PBXGroup;
			children = (
				EDA4F985264C5DDE00AF619F /* Model */,
				EDA4F984264C5DDB00AF619F /* View */,
			);
			path = Header;
			sourceTree = "<group>";
		};
		EDA4F984264C5DDB00AF619F /* View */ = {
			isa = PBXGroup;
			children = (
				ED0679E9264E814F009FA0B0 /* Cell */,
				ED42B44225FAAA790045F2AC /* DetailsHeaderView.swift */,
			);
			path = View;
			sourceTree = "<group>";
		};
		EDA4F985264C5DDE00AF619F /* Model */ = {
			isa = PBXGroup;
			children = (
				ED844CD225F9555D00266119 /* DetailsHeaderModel.swift */,
			);
			path = Model;
			sourceTree = "<group>";
		};
		EDA4F986264C5DE700AF619F /* Title */ = {
			isa = PBXGroup;
			children = (
				EDA4F988264C5DF200AF619F /* Model */,
				EDA4F987264C5DED00AF619F /* View */,
			);
			path = Title;
			sourceTree = "<group>";
		};
		EDA4F987264C5DED00AF619F /* View */ = {
			isa = PBXGroup;
			children = (
				ED42B44725FAABF20045F2AC /* DetailsTitleView.swift */,
			);
			path = View;
			sourceTree = "<group>";
		};
		EDA4F988264C5DF200AF619F /* Model */ = {
			isa = PBXGroup;
			children = (
				ED42B44D25FAB3850045F2AC /* DetailsTitleModel.swift */,
			);
			path = Model;
			sourceTree = "<group>";
		};
		EDA4F989264C5DFD00AF619F /* Info */ = {
			isa = PBXGroup;
			children = (
				EDA4F98B264C5E0600AF619F /* Model */,
				EDA4F98A264C5E0100AF619F /* View */,
			);
			path = Info;
			sourceTree = "<group>";
		};
		EDA4F98A264C5E0100AF619F /* View */ = {
			isa = PBXGroup;
			children = (
				EDDD9C1825FB374200D67B6A /* DetailsInfoView.swift */,
			);
			path = View;
			sourceTree = "<group>";
		};
		EDA4F98B264C5E0600AF619F /* Model */ = {
			isa = PBXGroup;
			children = (
				EDDD9C1B25FB392E00D67B6A /* DetailsInfoModel.swift */,
			);
			path = Model;
			sourceTree = "<group>";
		};
		EDA4F98C264C5E1400AF619F /* Description */ = {
			isa = PBXGroup;
			children = (
				EDA4F98E264C5E2200AF619F /* Model */,
				EDA4F98D264C5E1F00AF619F /* View */,
			);
			path = Description;
			sourceTree = "<group>";
		};
		EDA4F98D264C5E1F00AF619F /* View */ = {
			isa = PBXGroup;
			children = (
				EDDD9C1E25FB3C0C00D67B6A /* DetailsDescriptionView.swift */,
			);
			path = View;
			sourceTree = "<group>";
		};
		EDA4F98E264C5E2200AF619F /* Model */ = {
			isa = PBXGroup;
			children = (
				EDDD9C2125FB3C3E00D67B6A /* DetailsDescriptionModel.swift */,
			);
			path = Model;
			sourceTree = "<group>";
		};
		EDA4F98F264C5EC200AF619F /* ViewModel */ = {
			isa = PBXGroup;
			children = (
				EDA4F990264C5EE000AF619F /* LibraryViewModel.swift */,
			);
			path = ViewModel;
			sourceTree = "<group>";
		};
		EDA4F993264C616500AF619F /* Cell */ = {
			isa = PBXGroup;
			children = (
				EDA4F995264C619000AF619F /* Model */,
				EDA4F994264C618C00AF619F /* View */,
			);
			path = Cell;
			sourceTree = "<group>";
		};
		EDA4F994264C618C00AF619F /* View */ = {
			isa = PBXGroup;
			children = (
				ED1AF44725F3829F00811562 /* LibraryMovieView.swift */,
			);
			path = View;
			sourceTree = "<group>";
		};
		EDA4F995264C619000AF619F /* Model */ = {
			isa = PBXGroup;
			children = (
				ED48AD7725FCAECB0099E4B3 /* LibraryMovieModel.swift */,
			);
			path = Model;
			sourceTree = "<group>";
		};
		EDB6AC1C25FCA04200F470BE /* Application */ = {
			isa = PBXGroup;
			children = (
				EDBA8AD625F0EA02005BAF81 /* AppDelegate.swift */,
				EDBA8AD825F0EA02005BAF81 /* SceneDelegate.swift */,
				ED87A8C725FCB7B9004DB404 /* Entities */,
				EDA1B6D6264AEBA600F96737 /* Business */,
				EDA1B6D5264AEB8A00F96737 /* Presentation */,
				ED148612264CFF83006EA303 /* Core */,
			);
			path = Application;
			sourceTree = "<group>";
		};
		EDBA4A8F25F6AE4F00DCCF60 /* Details */ = {
			isa = PBXGroup;
			children = (
				EDBA4A9525F6AE6F00DCCF60 /* Model */,
				EDBF8A2F264C54E800AFA5F7 /* ViewModel */,
				EDBA4A9725F6AE7500DCCF60 /* View */,
				EDBA4A9025F6AE6400DCCF60 /* ViewController */,
			);
			path = Details;
			sourceTree = "<group>";
		};
		EDBA4A9025F6AE6400DCCF60 /* ViewController */ = {
			isa = PBXGroup;
			children = (
				EDBA4A9925F6AEA300DCCF60 /* DetailsViewController.swift */,
			);
			path = ViewController;
			sourceTree = "<group>";
		};
		EDBA4A9525F6AE6F00DCCF60 /* Model */ = {
			isa = PBXGroup;
			children = (
				EDBF8A35264C569C00AFA5F7 /* DetailsComponent.swift */,
				EDBA4A9C25F6AEF200DCCF60 /* DetailsModel.swift */,
			);
			path = Model;
			sourceTree = "<group>";
		};
		EDBA4A9725F6AE7500DCCF60 /* View */ = {
			isa = PBXGroup;
			children = (
				EDBF8A38264C56C100AFA5F7 /* Cell */,
				EDBA4A9125F6AE6D00DCCF60 /* DetailsView.swift */,
			);
			path = View;
			sourceTree = "<group>";
		};
		EDBA8ACA25F0EA02005BAF81 = {
			isa = PBXGroup;
			children = (
				EDBA8AD525F0EA02005BAF81 /* Movies */,
				ED46A3AD264E9087005AD3CA /* MoviesTests */,
				AADC62076697FED07F816C6F /* Pods */,
				ED36CFF127186E7D0001A190 /* Movies.app */,
			);
			sourceTree = "<group>";
		};
		EDBA8AD525F0EA02005BAF81 /* Movies */ = {
			isa = PBXGroup;
			children = (
				EDB6AC1C25FCA04200F470BE /* Application */,
				EDA1B6D4264AEB7A00F96737 /* Resources */,
				EDDD9C3725FB549000D67B6A /* Protocols */,
				ED1AF44A25F38F0C00811562 /* Extensions */,
			);
			path = Movies;
			sourceTree = "<group>";
		};
		EDBF8A2F264C54E800AFA5F7 /* ViewModel */ = {
			isa = PBXGroup;
			children = (
				EDBF8A30264C550C00AFA5F7 /* DetailsViewModel.swift */,
			);
			path = ViewModel;
			sourceTree = "<group>";
		};
		EDBF8A38264C56C100AFA5F7 /* Cell */ = {
			isa = PBXGroup;
			children = (
				EDA4F983264C5DCD00AF619F /* Header */,
				EDA4F986264C5DE700AF619F /* Title */,
				EDA4F989264C5DFD00AF619F /* Info */,
				EDA4F98C264C5E1400AF619F /* Description */,
			);
			path = Cell;
			sourceTree = "<group>";
		};
		EDC20153264EA35C00EC23B6 /* GenreProxy */ = {
			isa = PBXGroup;
			children = (
				EDC20154264EA36600EC23B6 /* Tests */,
			);
			path = GenreProxy;
			sourceTree = "<group>";
		};
		EDC20154264EA36600EC23B6 /* Tests */ = {
			isa = PBXGroup;
			children = (
				EDC20155264EA37A00EC23B6 /* GenreProxyTests.swift */,
			);
			path = Tests;
			sourceTree = "<group>";
		};
		EDC2015B264EA39E00EC23B6 /* GenreDatabaseService */ = {
			isa = PBXGroup;
			children = (
				EDC20162264EA3B300EC23B6 /* Mock */,
			);
			path = GenreDatabaseService;
			sourceTree = "<group>";
		};
		EDC20162264EA3B300EC23B6 /* Mock */ = {
			isa = PBXGroup;
			children = (
				EDC2015C264EA3AF00EC23B6 /* MockGenreDatabaseService.swift */,
			);
			path = Mock;
			sourceTree = "<group>";
		};
		EDC20165264EA4F000EC23B6 /* GenreNetworkService */ = {
			isa = PBXGroup;
			children = (
				EDC20166264EA4F700EC23B6 /* Mock */,
			);
			path = GenreNetworkService;
			sourceTree = "<group>";
		};
		EDC20166264EA4F700EC23B6 /* Mock */ = {
			isa = PBXGroup;
			children = (
				EDC20167264EA51700EC23B6 /* MockGenreNetworkService.swift */,
			);
			path = Mock;
			sourceTree = "<group>";
		};
		EDD6311C25F6765900CF7112 /* Services */ = {
			isa = PBXGroup;
			children = (
				ED054435264E4325004B4012 /* NetworkMonitor */,
				ED08A6EA264D8DFC0024F718 /* ImageFileService */,
				ED46A399264E87E5005AD3CA /* CoreData */,
				EDF7AD8D264D0527004A74A2 /* Networking */,
				EDF7AD8C264D0515004A74A2 /* Proxies */,
				ED14860E264CFED2006EA303 /* ServiceFactory.swift */,
			);
			path = Services;
			sourceTree = "<group>";
		};
		EDDD9C3325FB51A000D67B6A /* ImageProxy */ = {
			isa = PBXGroup;
			children = (
				EDDD9C3425FB51B300D67B6A /* ImageProxyService.swift */,
			);
			path = ImageProxy;
			sourceTree = "<group>";
		};
		EDDD9C3725FB549000D67B6A /* Protocols */ = {
			isa = PBXGroup;
			children = (
				ED74C9F325F2B1CB00AC8AAF /* Coordinatable.swift */,
				EDDD9C3825FB549F00D67B6A /* Sharable.swift */,
			);
			path = Protocols;
			sourceTree = "<group>";
		};
		EDDD9C3F25FB5C8D00D67B6A /* GenreProxy */ = {
			isa = PBXGroup;
			children = (
				ED054430264E404F004B4012 /* Protocols */,
				EDDD9C4025FB5CA200D67B6A /* GenreProxyService.swift */,
			);
			path = GenreProxy;
			sourceTree = "<group>";
		};
		EDE39C2E25F6094E00930182 /* Networking */ = {
			isa = PBXGroup;
			children = (
				EDE39C3025F6098300930182 /* Model */,
				EDE39C3125F6099B00930182 /* Networking.swift */,
			);
			path = Networking;
			sourceTree = "<group>";
		};
		EDE39C3025F6098300930182 /* Model */ = {
			isa = PBXGroup;
			children = (
				EDF7AD87264D0199004A74A2 /* NetworkingRequestHeaders.swift */,
				EDF7AD88264D0199004A74A2 /* NetworkingResponse.swift */,
				EDE39C3525F60A2100930182 /* NetworkingEnvironment.swift */,
				EDE39C3825F60E4C00930182 /* NetworkingRequest.swift */,
				EDE39C3B25F6145F00930182 /* NetworkingRequestMethod.swift */,
				EDA033E725F6167500EA173A /* NetworkingRequestDataModel.swift */,
			);
			path = Model;
			sourceTree = "<group>";
		};
		EDF7AD8C264D0515004A74A2 /* Proxies */ = {
			isa = PBXGroup;
			children = (
				ED08A6FE264DA5050024F718 /* LibraryProxy */,
				EDDD9C3325FB51A000D67B6A /* ImageProxy */,
				EDDD9C3F25FB5C8D00D67B6A /* GenreProxy */,
				EDF7AD91264D05DC004A74A2 /* ProxiesFactory.swift */,
			);
			path = Proxies;
			sourceTree = "<group>";
		};
		EDF7AD8D264D0527004A74A2 /* Networking */ = {
			isa = PBXGroup;
			children = (
				ED46A39A264E8800005AD3CA /* DetailsNetworkService */,
				ED08A6F8264D9F9F0024F718 /* ImageNetworkService */,
				ED148613264CFFA8006EA303 /* GenreNetworkService */,
				ED74CA1225F2BD7500AC8AAF /* LibraryNetworking */,
				EDF7AD8E264D0542004A74A2 /* NetworkingFactory.swift */,
			);
			path = Networking;
			sourceTree = "<group>";
		};
		EDF9887C264E9F8300F77982 /* ImageFileService */ = {
			isa = PBXGroup;
			children = (
				EDF9887D264E9F9300F77982 /* Mock */,
			);
			path = ImageFileService;
			sourceTree = "<group>";
		};
		EDF9887D264E9F9300F77982 /* Mock */ = {
			isa = PBXGroup;
			children = (
				EDF9887F264E9FA700F77982 /* MockImageFileService.swift */,
			);
			path = Mock;
			sourceTree = "<group>";
		};
		EDF98885264EA00600F77982 /* ImageProxy */ = {
			isa = PBXGroup;
			children = (
				EDF98886264EA00C00F77982 /* Tests */,
			);
			path = ImageProxy;
			sourceTree = "<group>";
		};
		EDF98886264EA00C00F77982 /* Tests */ = {
			isa = PBXGroup;
			children = (
				EDF98888264EA02600F77982 /* ImageProxyTests.swift */,
			);
			path = Tests;
			sourceTree = "<group>";
		};
		EDF9888E264EA06E00F77982 /* ImageNetworkService */ = {
			isa = PBXGroup;
			children = (
				EDF9888F264EA07700F77982 /* Mock */,
			);
			path = ImageNetworkService;
			sourceTree = "<group>";
		};
		EDF9888F264EA07700F77982 /* Mock */ = {
			isa = PBXGroup;
			children = (
				EDF98890264EA08600F77982 /* MockImageNetworkService.swift */,
			);
			path = Mock;
			sourceTree = "<group>";
		};
/* End PBXGroup section */

/* Begin PBXNativeTarget section */
		ED46A3AB264E9087005AD3CA /* MoviesTests */ = {
			isa = PBXNativeTarget;
			buildConfigurationList = ED46A3B5264E9087005AD3CA /* Build configuration list for PBXNativeTarget "MoviesTests" */;
			buildPhases = (
				ED46A3A8264E9087005AD3CA /* Sources */,
				ED46A3A9264E9087005AD3CA /* Frameworks */,
				ED46A3AA264E9087005AD3CA /* Resources */,
			);
			buildRules = (
			);
			dependencies = (
				ED46A3B2264E9087005AD3CA /* PBXTargetDependency */,
			);
			name = MoviesTests;
			productName = MoviesTests;
			productReference = EDA0EA77271C0879000742FC /* MoviesTests.xctest */;
			productType = "com.apple.product-type.bundle.unit-test";
		};
		EDBA8AD225F0EA02005BAF81 /* Movies */ = {
			isa = PBXNativeTarget;
			buildConfigurationList = EDBA8AE725F0EA05005BAF81 /* Build configuration list for PBXNativeTarget "Movies" */;
			buildPhases = (
				C087EB4415E9BD68F3F5295F /* [CP] Check Pods Manifest.lock */,
				ED1EE68925F1673E00ADDCB8 /* Swift Formatter Run Script */,
				ED73814625F0EFA80028015B /* Swift Lint Run Script */,
				EDBA8ACF25F0EA02005BAF81 /* Sources */,
				EDBA8AD025F0EA02005BAF81 /* Frameworks */,
				EDBA8AD125F0EA02005BAF81 /* Resources */,
			);
			buildRules = (
			);
			dependencies = (
			);
			name = Movies;
			productName = Movies;
			productReference = ED36CFF127186E7D0001A190 /* Movies.app */;
			productType = "com.apple.product-type.application";
		};
/* End PBXNativeTarget section */

/* Begin PBXProject section */
		EDBA8ACB25F0EA02005BAF81 /* Project object */ = {
			isa = PBXProject;
			attributes = {
				LastSwiftUpdateCheck = 1240;
				LastUpgradeCheck = 1240;
				TargetAttributes = {
					ED46A3AB264E9087005AD3CA = {
						CreatedOnToolsVersion = 12.4;
						TestTargetID = EDBA8AD225F0EA02005BAF81;
					};
					EDBA8AD225F0EA02005BAF81 = {
						CreatedOnToolsVersion = 12.4;
					};
				};
			};
			buildConfigurationList = EDBA8ACE25F0EA02005BAF81 /* Build configuration list for PBXProject "Movies" */;
			compatibilityVersion = "Xcode 9.3";
			developmentRegion = en;
			hasScannedForEncodings = 0;
			knownRegions = (
				en,
				Base,
			);
			mainGroup = EDBA8ACA25F0EA02005BAF81;
			productRefGroup = EDBA8ACA25F0EA02005BAF81;
			projectDirPath = "";
			projectRoot = "";
			targets = (
				EDBA8AD225F0EA02005BAF81 /* Movies */,
				ED46A3AB264E9087005AD3CA /* MoviesTests */,
			);
		};
/* End PBXProject section */

/* Begin PBXResourcesBuildPhase section */
		ED46A3AA264E9087005AD3CA /* Resources */ = {
			isa = PBXResourcesBuildPhase;
			buildActionMask = 2147483647;
			files = (
			);
			runOnlyForDeploymentPostprocessing = 0;
		};
		EDBA8AD125F0EA02005BAF81 /* Resources */ = {
			isa = PBXResourcesBuildPhase;
			buildActionMask = 2147483647;
			files = (
				EDBA8AE325F0EA05005BAF81 /* LaunchScreen.storyboard in Resources */,
				EDBA8AE025F0EA05005BAF81 /* Assets.xcassets in Resources */,
			);
			runOnlyForDeploymentPostprocessing = 0;
		};
/* End PBXResourcesBuildPhase section */

/* Begin PBXShellScriptBuildPhase section */
		C087EB4415E9BD68F3F5295F /* [CP] Check Pods Manifest.lock */ = {
			isa = PBXShellScriptBuildPhase;
			buildActionMask = 2147483647;
			files = (
			);
			inputFileListPaths = (
			);
			inputPaths = (
				"${PODS_PODFILE_DIR_PATH}/Podfile.lock",
				"${PODS_ROOT}/Manifest.lock",
			);
			name = "[CP] Check Pods Manifest.lock";
			outputFileListPaths = (
			);
			outputPaths = (
				"$(DERIVED_FILE_DIR)/Pods-Movies-checkManifestLockResult.txt",
			);
			runOnlyForDeploymentPostprocessing = 0;
			shellPath = /bin/sh;
			shellScript = "diff \"${PODS_PODFILE_DIR_PATH}/Podfile.lock\" \"${PODS_ROOT}/Manifest.lock\" > /dev/null\nif [ $? != 0 ] ; then\n    # print error to STDERR\n    echo \"error: The sandbox is not in sync with the Podfile.lock. Run 'pod install' or update your CocoaPods installation.\" >&2\n    exit 1\nfi\n# This output is used by Xcode 'outputs' to avoid re-running this script phase.\necho \"SUCCESS\" > \"${SCRIPT_OUTPUT_FILE_0}\"\n";
			showEnvVarsInLog = 0;
		};
		ED1EE68925F1673E00ADDCB8 /* Swift Formatter Run Script */ = {
			isa = PBXShellScriptBuildPhase;
			buildActionMask = 2147483647;
			files = (
			);
			inputFileListPaths = (
			);
			inputPaths = (
			);
			name = "Swift Formatter Run Script";
			outputFileListPaths = (
			);
			outputPaths = (
			);
			runOnlyForDeploymentPostprocessing = 0;
			shellPath = /bin/sh;
			shellScript = "\"${PODS_ROOT}/SwiftFormat/CommandLineTool/swiftformat\" \"$SRCROOT\"\n";
		};
		ED73814625F0EFA80028015B /* Swift Lint Run Script */ = {
			isa = PBXShellScriptBuildPhase;
			buildActionMask = 2147483647;
			files = (
			);
			inputFileListPaths = (
			);
			inputPaths = (
			);
			name = "Swift Lint Run Script";
			outputFileListPaths = (
			);
			outputPaths = (
			);
			runOnlyForDeploymentPostprocessing = 0;
			shellPath = /bin/sh;
			shellScript = "\"${PODS_ROOT}/SwiftLint/swiftlint\"\n";
		};
/* End PBXShellScriptBuildPhase section */

/* Begin PBXSourcesBuildPhase section */
		ED46A3A8264E9087005AD3CA /* Sources */ = {
			isa = PBXSourcesBuildPhase;
			buildActionMask = 2147483647;
			files = (
				EDF98889264EA02600F77982 /* ImageProxyTests.swift in Sources */,
				ED46A3F4264E96C1005AD3CA /* LibraryProxyTests.swift in Sources */,
				EDF98891264EA08600F77982 /* MockImageNetworkService.swift in Sources */,
				EDC20156264EA37A00EC23B6 /* GenreProxyTests.swift in Sources */,
				ED46A3EB264E963E005AD3CA /* LibraryNetworkServiceTests.swift in Sources */,
				EDC20170264EA61800EC23B6 /* GenreFactories.swift in Sources */,
				EDC2015D264EA3AF00EC23B6 /* MockGenreDatabaseService.swift in Sources */,
				ED46A408264E98B0005AD3CA /* MoviesFactory.swift in Sources */,
				ED46A3E0264E94A8005AD3CA /* NetworkMonitorTests.swift in Sources */,
				ED36CFF6271871860001A190 /* MockNetworkMonitor.swift in Sources */,
				EDF98880264E9FA700F77982 /* MockImageFileService.swift in Sources */,
				EDC20168264EA51700EC23B6 /* MockGenreNetworkService.swift in Sources */,
				ED46A403264E9792005AD3CA /* MockLibraryNetworkService.swift in Sources */,
				ED46A3FD264E9750005AD3CA /* MockLibraryDatabaseService.swift in Sources */,
			);
			runOnlyForDeploymentPostprocessing = 0;
		};
		EDBA8ACF25F0EA02005BAF81 /* Sources */ = {
			isa = PBXSourcesBuildPhase;
			buildActionMask = 2147483647;
			files = (
				ED42B44325FAAA790045F2AC /* DetailsHeaderView.swift in Sources */,
				ED1EC30C264DB6A20044BD7A /* CDGenre+CoreDataClass.swift in Sources */,
				EDDD9C2225FB3C3E00D67B6A /* DetailsDescriptionModel.swift in Sources */,
				EDBA4A9225F6AE6D00DCCF60 /* DetailsView.swift in Sources */,
				ED1EC30E264DB6A20044BD7A /* CDMovie+CoreDataClass.swift in Sources */,
				EDBA8AD725F0EA02005BAF81 /* AppDelegate.swift in Sources */,
				ED36CFF327186FF20001A190 /* UIAnchor.swift in Sources */,
				EDDD9C4125FB5CA200D67B6A /* GenreProxyService.swift in Sources */,
				EDBA4A9A25F6AEA300DCCF60 /* DetailsViewController.swift in Sources */,
				EDDD9C3525FB51B300D67B6A /* ImageProxyService.swift in Sources */,
				EDA033E825F6167500EA173A /* NetworkingRequestDataModel.swift in Sources */,
				EDA0EA79271C1D90000742FC /* UIEdgeInsets.swift in Sources */,
				ED14860F264CFED2006EA303 /* ServiceFactory.swift in Sources */,
				EDBA4A9D25F6AEF200DCCF60 /* DetailsModel.swift in Sources */,
				EDDD9C1C25FB392E00D67B6A /* DetailsInfoModel.swift in Sources */,
				EDBF8A36264C569C00AFA5F7 /* DetailsComponent.swift in Sources */,
				ED42B44E25FAB3850045F2AC /* DetailsTitleModel.swift in Sources */,
				ED05443B264E4865004B4012 /* LibraryDatabaseServiceProtocol.swift in Sources */,
				ED74C9FB25F2B4B900AC8AAF /* LibraryCoordinator.swift in Sources */,
				EDBA8AD925F0EA02005BAF81 /* SceneDelegate.swift in Sources */,
				ED05442E264E3DA3004B4012 /* GenreCoreDataService.swift in Sources */,
				ED74CA1025F2BD6200AC8AAF /* LibraryModel.swift in Sources */,
				EDA033EC25F621DC00EA173A /* GenreResponse.swift in Sources */,
				EDA033F825F641F800EA173A /* Movie.swift in Sources */,
				ED054437264E4338004B4012 /* NetworkMonitor.swift in Sources */,
				ED734575264C70F3002B9C26 /* Collection+SafeSubscript.swift in Sources */,
				ED1AF44825F3829F00811562 /* LibraryMovieView.swift in Sources */,
				EDE39C3925F60E4C00930182 /* NetworkingRequest.swift in Sources */,
				EDF7AD8F264D0542004A74A2 /* NetworkingFactory.swift in Sources */,
				ED054432264E4063004B4012 /* GenreDatabaseProtocol.swift in Sources */,
				ED74CA0525F2BC3700AC8AAF /* ScreenBuilder.swift in Sources */,
				ED1EC31B264DBAB90044BD7A /* Integer.swift in Sources */,
				EDF7AD92264D05DC004A74A2 /* ProxiesFactory.swift in Sources */,
				ED08A6ED264D8E150024F718 /* ImageFileService.swift in Sources */,
				ED0679EB264E8159009FA0B0 /* DetailsHeaderImageViewCell.swift in Sources */,
				EDF7AD8A264D0199004A74A2 /* NetworkingResponse.swift in Sources */,
				ED74CA0B25F2BCD700AC8AAF /* LibraryViewController.swift in Sources */,
				ED74CA1425F2BD8C00AC8AAF /* LibraryNetworkService.swift in Sources */,
				ED74C9F425F2B1CB00AC8AAF /* Coordinatable.swift in Sources */,
				ED36CFF0271859FC0001A190 /* UIDevice+Notch.swift in Sources */,
				ED08A707264DB03A0024F718 /* DispatchQueue+SafeMain.swift in Sources */,
				ED46A39C264E8849005AD3CA /* DetailsNetworkService.swift in Sources */,
				ED08A704264DAAC30024F718 /* CoreData.swift in Sources */,
				ED1AF44C25F38F2D00811562 /* UICollectionReusableView+Identifiable.swift in Sources */,
				ED08A6F6264D9D6D0024F718 /* String+Trimmer.swift in Sources */,
				ED48AD7825FCAECB0099E4B3 /* LibraryMovieModel.swift in Sources */,
				EDA033F025F6220400EA173A /* Genre.swift in Sources */,
				ED690526264CF60300C543F0 /* Date+DateFormatter.swift in Sources */,
				EDA033F525F641CE00EA173A /* MovieResponse.swift in Sources */,
				EDA4F991264C5EE000AF619F /* LibraryViewModel.swift in Sources */,
				ED18B062264CF55400B1D8FA /* String+DateFormatter.swift in Sources */,
				ED1EC31F264DBDA70044BD7A /* LibraryCoreDataService.swift in Sources */,
				EDF7AD89264D0199004A74A2 /* NetworkingRequestHeaders.swift in Sources */,
				ED9B394025F4A8A400035982 /* ToolbarView.swift in Sources */,
				ED08A700264DA51A0024F718 /* LibaryProxyService.swift in Sources */,
				EDE39C3625F60A2100930182 /* NetworkingEnvironment.swift in Sources */,
				ED08A6FA264D9FAC0024F718 /* ImageNetworkService.swift in Sources */,
				ED46A3A1264E8881005AD3CA /* PostersResponse.swift in Sources */,
				ED1EC2FA264DB34C0044BD7A /* Movies.xcdatamodeld in Sources */,
				ED74CA1925F2BFE600AC8AAF /* LibraryView.swift in Sources */,
				ED148615264CFFC0006EA303 /* GenreNetworkService.swift in Sources */,
				ED42B44825FAABF20045F2AC /* DetailsTitleView.swift in Sources */,
				EDBF8A31264C550C00AFA5F7 /* DetailsViewModel.swift in Sources */,
				ED1EC30D264DB6A20044BD7A /* CDGenre+CoreDataProperties.swift in Sources */,
				EDE39C3225F6099B00930182 /* Networking.swift in Sources */,
				EDE39C3C25F6145F00930182 /* NetworkingRequestMethod.swift in Sources */,
				ED74C9F825F2B22000AC8AAF /* ApplicationCoordinator.swift in Sources */,
				EDDD9C3925FB549F00D67B6A /* Sharable.swift in Sources */,
				ED1EC30F264DB6A20044BD7A /* CDMovie+CoreDataProperties.swift in Sources */,
				EDDD9C1F25FB3C0C00D67B6A /* DetailsDescriptionView.swift in Sources */,
				ED34792B25F3EAF600F46AE8 /* SegmentedControl.swift in Sources */,
				ED46A3A4264E88AE005AD3CA /* Poster.swift in Sources */,
				ED844CD325F9555D00266119 /* DetailsHeaderModel.swift in Sources */,
				EDDD9C1925FB374200D67B6A /* DetailsInfoView.swift in Sources */,
				ED18B05E264CEC7600B1D8FA /* CategoryView.swift in Sources */,
			);
			runOnlyForDeploymentPostprocessing = 0;
		};
/* End PBXSourcesBuildPhase section */

/* Begin PBXTargetDependency section */
		ED46A3B2264E9087005AD3CA /* PBXTargetDependency */ = {
			isa = PBXTargetDependency;
			target = EDBA8AD225F0EA02005BAF81 /* Movies */;
			targetProxy = ED46A3B1264E9087005AD3CA /* PBXContainerItemProxy */;
		};
/* End PBXTargetDependency section */

/* Begin PBXVariantGroup section */
		EDBA8AE125F0EA05005BAF81 /* LaunchScreen.storyboard */ = {
			isa = PBXVariantGroup;
			children = (
				EDBA8AE225F0EA05005BAF81 /* Base */,
			);
			name = LaunchScreen.storyboard;
			sourceTree = "<group>";
		};
/* End PBXVariantGroup section */

/* Begin XCBuildConfiguration section */
		ED46A3B3264E9087005AD3CA /* Debug */ = {
			isa = XCBuildConfiguration;
			buildSettings = {
				BUNDLE_LOADER = "$(TEST_HOST)";
				CODE_SIGN_STYLE = Automatic;
				DEVELOPMENT_TEAM = 6G39DP6Y58;
				INFOPLIST_FILE = MoviesTests/Info.plist;
				IPHONEOS_DEPLOYMENT_TARGET = 14.4;
				LD_RUNPATH_SEARCH_PATHS = (
					"$(inherited)",
					"@executable_path/Frameworks",
					"@loader_path/Frameworks",
				);
				PRODUCT_BUNDLE_IDENTIFIER = com.roadToMiddle.MoviesTests;
				PRODUCT_NAME = "$(TARGET_NAME)";
				SWIFT_VERSION = 5.0;
				TARGETED_DEVICE_FAMILY = "1,2";
				TEST_HOST = "$(BUILT_PRODUCTS_DIR)/Movies.app/Movies";
			};
			name = Debug;
		};
		ED46A3B4264E9087005AD3CA /* Release */ = {
			isa = XCBuildConfiguration;
			buildSettings = {
				BUNDLE_LOADER = "$(TEST_HOST)";
				CODE_SIGN_STYLE = Automatic;
				DEVELOPMENT_TEAM = 6G39DP6Y58;
				INFOPLIST_FILE = MoviesTests/Info.plist;
				IPHONEOS_DEPLOYMENT_TARGET = 14.4;
				LD_RUNPATH_SEARCH_PATHS = (
					"$(inherited)",
					"@executable_path/Frameworks",
					"@loader_path/Frameworks",
				);
				PRODUCT_BUNDLE_IDENTIFIER = com.roadToMiddle.MoviesTests;
				PRODUCT_NAME = "$(TARGET_NAME)";
				SWIFT_VERSION = 5.0;
				TARGETED_DEVICE_FAMILY = "1,2";
				TEST_HOST = "$(BUILT_PRODUCTS_DIR)/Movies.app/Movies";
			};
			name = Release;
		};
		EDBA8AE525F0EA05005BAF81 /* Debug */ = {
			isa = XCBuildConfiguration;
			buildSettings = {
				ALWAYS_SEARCH_USER_PATHS = NO;
				CLANG_ANALYZER_NONNULL = YES;
				CLANG_ANALYZER_NUMBER_OBJECT_CONVERSION = YES_AGGRESSIVE;
				CLANG_CXX_LANGUAGE_STANDARD = "gnu++14";
				CLANG_CXX_LIBRARY = "libc++";
				CLANG_ENABLE_MODULES = YES;
				CLANG_ENABLE_OBJC_ARC = YES;
				CLANG_ENABLE_OBJC_WEAK = YES;
				CLANG_WARN_BLOCK_CAPTURE_AUTORELEASING = YES;
				CLANG_WARN_BOOL_CONVERSION = YES;
				CLANG_WARN_COMMA = YES;
				CLANG_WARN_CONSTANT_CONVERSION = YES;
				CLANG_WARN_DEPRECATED_OBJC_IMPLEMENTATIONS = YES;
				CLANG_WARN_DIRECT_OBJC_ISA_USAGE = YES_ERROR;
				CLANG_WARN_DOCUMENTATION_COMMENTS = YES;
				CLANG_WARN_EMPTY_BODY = YES;
				CLANG_WARN_ENUM_CONVERSION = YES;
				CLANG_WARN_INFINITE_RECURSION = YES;
				CLANG_WARN_INT_CONVERSION = YES;
				CLANG_WARN_NON_LITERAL_NULL_CONVERSION = YES;
				CLANG_WARN_OBJC_IMPLICIT_RETAIN_SELF = YES;
				CLANG_WARN_OBJC_LITERAL_CONVERSION = YES;
				CLANG_WARN_OBJC_ROOT_CLASS = YES_ERROR;
				CLANG_WARN_QUOTED_INCLUDE_IN_FRAMEWORK_HEADER = YES;
				CLANG_WARN_RANGE_LOOP_ANALYSIS = YES;
				CLANG_WARN_STRICT_PROTOTYPES = YES;
				CLANG_WARN_SUSPICIOUS_MOVE = YES;
				CLANG_WARN_UNGUARDED_AVAILABILITY = YES_AGGRESSIVE;
				CLANG_WARN_UNREACHABLE_CODE = YES;
				CLANG_WARN__DUPLICATE_METHOD_MATCH = YES;
				COPY_PHASE_STRIP = NO;
				DEBUG_INFORMATION_FORMAT = dwarf;
				ENABLE_STRICT_OBJC_MSGSEND = YES;
				ENABLE_TESTABILITY = YES;
				GCC_C_LANGUAGE_STANDARD = gnu11;
				GCC_DYNAMIC_NO_PIC = NO;
				GCC_NO_COMMON_BLOCKS = YES;
				GCC_OPTIMIZATION_LEVEL = 0;
				GCC_PREPROCESSOR_DEFINITIONS = (
					"DEBUG=1",
					"$(inherited)",
				);
				GCC_WARN_64_TO_32_BIT_CONVERSION = YES;
				GCC_WARN_ABOUT_RETURN_TYPE = YES_ERROR;
				GCC_WARN_UNDECLARED_SELECTOR = YES;
				GCC_WARN_UNINITIALIZED_AUTOS = YES_AGGRESSIVE;
				GCC_WARN_UNUSED_FUNCTION = YES;
				GCC_WARN_UNUSED_VARIABLE = YES;
				IPHONEOS_DEPLOYMENT_TARGET = 14.3;
				MTL_ENABLE_DEBUG_INFO = INCLUDE_SOURCE;
				MTL_FAST_MATH = YES;
				ONLY_ACTIVE_ARCH = YES;
				SDKROOT = iphoneos;
				SWIFT_ACTIVE_COMPILATION_CONDITIONS = DEBUG;
				SWIFT_OPTIMIZATION_LEVEL = "-Onone";
			};
			name = Debug;
		};
		EDBA8AE625F0EA05005BAF81 /* Release */ = {
			isa = XCBuildConfiguration;
			buildSettings = {
				ALWAYS_SEARCH_USER_PATHS = NO;
				CLANG_ANALYZER_NONNULL = YES;
				CLANG_ANALYZER_NUMBER_OBJECT_CONVERSION = YES_AGGRESSIVE;
				CLANG_CXX_LANGUAGE_STANDARD = "gnu++14";
				CLANG_CXX_LIBRARY = "libc++";
				CLANG_ENABLE_MODULES = YES;
				CLANG_ENABLE_OBJC_ARC = YES;
				CLANG_ENABLE_OBJC_WEAK = YES;
				CLANG_WARN_BLOCK_CAPTURE_AUTORELEASING = YES;
				CLANG_WARN_BOOL_CONVERSION = YES;
				CLANG_WARN_COMMA = YES;
				CLANG_WARN_CONSTANT_CONVERSION = YES;
				CLANG_WARN_DEPRECATED_OBJC_IMPLEMENTATIONS = YES;
				CLANG_WARN_DIRECT_OBJC_ISA_USAGE = YES_ERROR;
				CLANG_WARN_DOCUMENTATION_COMMENTS = YES;
				CLANG_WARN_EMPTY_BODY = YES;
				CLANG_WARN_ENUM_CONVERSION = YES;
				CLANG_WARN_INFINITE_RECURSION = YES;
				CLANG_WARN_INT_CONVERSION = YES;
				CLANG_WARN_NON_LITERAL_NULL_CONVERSION = YES;
				CLANG_WARN_OBJC_IMPLICIT_RETAIN_SELF = YES;
				CLANG_WARN_OBJC_LITERAL_CONVERSION = YES;
				CLANG_WARN_OBJC_ROOT_CLASS = YES_ERROR;
				CLANG_WARN_QUOTED_INCLUDE_IN_FRAMEWORK_HEADER = YES;
				CLANG_WARN_RANGE_LOOP_ANALYSIS = YES;
				CLANG_WARN_STRICT_PROTOTYPES = YES;
				CLANG_WARN_SUSPICIOUS_MOVE = YES;
				CLANG_WARN_UNGUARDED_AVAILABILITY = YES_AGGRESSIVE;
				CLANG_WARN_UNREACHABLE_CODE = YES;
				CLANG_WARN__DUPLICATE_METHOD_MATCH = YES;
				COPY_PHASE_STRIP = NO;
				DEBUG_INFORMATION_FORMAT = "dwarf-with-dsym";
				ENABLE_NS_ASSERTIONS = NO;
				ENABLE_STRICT_OBJC_MSGSEND = YES;
				GCC_C_LANGUAGE_STANDARD = gnu11;
				GCC_NO_COMMON_BLOCKS = YES;
				GCC_WARN_64_TO_32_BIT_CONVERSION = YES;
				GCC_WARN_ABOUT_RETURN_TYPE = YES_ERROR;
				GCC_WARN_UNDECLARED_SELECTOR = YES;
				GCC_WARN_UNINITIALIZED_AUTOS = YES_AGGRESSIVE;
				GCC_WARN_UNUSED_FUNCTION = YES;
				GCC_WARN_UNUSED_VARIABLE = YES;
				IPHONEOS_DEPLOYMENT_TARGET = 14.3;
				MTL_ENABLE_DEBUG_INFO = NO;
				MTL_FAST_MATH = YES;
				SDKROOT = iphoneos;
				SWIFT_COMPILATION_MODE = wholemodule;
				SWIFT_OPTIMIZATION_LEVEL = "-O";
				VALIDATE_PRODUCT = YES;
			};
			name = Release;
		};
		EDBA8AE825F0EA05005BAF81 /* Debug */ = {
			isa = XCBuildConfiguration;
			baseConfigurationReference = 90E61768D271DD64013A7F80 /* Pods-Movies.debug.xcconfig */;
			buildSettings = {
				ASSETCATALOG_COMPILER_APPICON_NAME = AppIcon;
				ASSETCATALOG_COMPILER_GLOBAL_ACCENT_COLOR_NAME = AccentColor;
				CODE_SIGN_STYLE = Automatic;
				DEVELOPMENT_TEAM = 6G39DP6Y58;
				INFOPLIST_FILE = "$(SRCROOT)/Movies/Resources/Info.plist";
				LD_RUNPATH_SEARCH_PATHS = (
					"$(inherited)",
					"@executable_path/Frameworks",
				);
				PRODUCT_BUNDLE_IDENTIFIER = com.roadToMiddle.Movies;
				PRODUCT_NAME = "$(TARGET_NAME)";
				SWIFT_VERSION = 5.0;
				TARGETED_DEVICE_FAMILY = 1;
			};
			name = Debug;
		};
		EDBA8AE925F0EA05005BAF81 /* Release */ = {
			isa = XCBuildConfiguration;
			baseConfigurationReference = B979BBACF50CACF81F27C594 /* Pods-Movies.release.xcconfig */;
			buildSettings = {
				ASSETCATALOG_COMPILER_APPICON_NAME = AppIcon;
				ASSETCATALOG_COMPILER_GLOBAL_ACCENT_COLOR_NAME = AccentColor;
				CODE_SIGN_STYLE = Automatic;
				DEVELOPMENT_TEAM = 6G39DP6Y58;
				INFOPLIST_FILE = "$(SRCROOT)/Movies/Resources/Info.plist";
				LD_RUNPATH_SEARCH_PATHS = (
					"$(inherited)",
					"@executable_path/Frameworks",
				);
				PRODUCT_BUNDLE_IDENTIFIER = com.roadToMiddle.Movies;
				PRODUCT_NAME = "$(TARGET_NAME)";
				SWIFT_VERSION = 5.0;
				TARGETED_DEVICE_FAMILY = 1;
			};
			name = Release;
		};
/* End XCBuildConfiguration section */

/* Begin XCConfigurationList section */
		ED46A3B5264E9087005AD3CA /* Build configuration list for PBXNativeTarget "MoviesTests" */ = {
			isa = XCConfigurationList;
			buildConfigurations = (
				ED46A3B3264E9087005AD3CA /* Debug */,
				ED46A3B4264E9087005AD3CA /* Release */,
			);
			defaultConfigurationIsVisible = 0;
			defaultConfigurationName = Release;
		};
		EDBA8ACE25F0EA02005BAF81 /* Build configuration list for PBXProject "Movies" */ = {
			isa = XCConfigurationList;
			buildConfigurations = (
				EDBA8AE525F0EA05005BAF81 /* Debug */,
				EDBA8AE625F0EA05005BAF81 /* Release */,
			);
			defaultConfigurationIsVisible = 0;
			defaultConfigurationName = Release;
		};
		EDBA8AE725F0EA05005BAF81 /* Build configuration list for PBXNativeTarget "Movies" */ = {
			isa = XCConfigurationList;
			buildConfigurations = (
				EDBA8AE825F0EA05005BAF81 /* Debug */,
				EDBA8AE925F0EA05005BAF81 /* Release */,
			);
			defaultConfigurationIsVisible = 0;
			defaultConfigurationName = Release;
		};
/* End XCConfigurationList section */

/* Begin XCVersionGroup section */
		ED1EC2F8264DB34C0044BD7A /* Movies.xcdatamodeld */ = {
			isa = XCVersionGroup;
			children = (
				ED1EC2F9264DB34C0044BD7A /* Movies.xcdatamodel */,
			);
			currentVersion = ED1EC2F9264DB34C0044BD7A /* Movies.xcdatamodel */;
			path = Movies.xcdatamodeld;
			sourceTree = "<group>";
			versionGroupType = wrapper.xcdatamodel;
		};
/* End XCVersionGroup section */
	};
	rootObject = EDBA8ACB25F0EA02005BAF81 /* Project object */;
}
